// !$*UTF8*$!
{
	archiveVersion = 1;
	classes = {
	};
	objectVersion = 50;
	objects = {

/* Begin PBXBuildFile section */
		3D061D772237DBA800BFBD4F /* ForecastTableViewCell.xib in Resources */ = {isa = PBXBuildFile; fileRef = 3D061D762237DBA800BFBD4F /* ForecastTableViewCell.xib */; };
		3D061D792237E07E00BFBD4F /* ForecastTableViewCell.swift in Sources */ = {isa = PBXBuildFile; fileRef = 3D061D782237E07E00BFBD4F /* ForecastTableViewCell.swift */; };
		3D29E154218B2DE70090E9E1 /* AppDelegate.swift in Sources */ = {isa = PBXBuildFile; fileRef = 3D29E153218B2DE70090E9E1 /* AppDelegate.swift */; };
		3D29E156218B2DE70090E9E1 /* LocationViewController.swift in Sources */ = {isa = PBXBuildFile; fileRef = 3D29E155218B2DE70090E9E1 /* LocationViewController.swift */; };
		3D29E159218B2DE70090E9E1 /* Main.storyboard in Resources */ = {isa = PBXBuildFile; fileRef = 3D29E157218B2DE70090E9E1 /* Main.storyboard */; };
		3D29E15C218B2DE70090E9E1 /* Weather.xcdatamodeld in Sources */ = {isa = PBXBuildFile; fileRef = 3D29E15A218B2DE70090E9E1 /* Weather.xcdatamodeld */; };
		3D29E161218B2DE90090E9E1 /* LaunchScreen.storyboard in Resources */ = {isa = PBXBuildFile; fileRef = 3D29E15F218B2DE90090E9E1 /* LaunchScreen.storyboard */; };
		3D2A72FA21942D190093A93C /* Secret.swift in Sources */ = {isa = PBXBuildFile; fileRef = 3D2A72F921942D190093A93C /* Secret.swift */; };
		3D2A72FC219430850093A93C /* Weather.swift in Sources */ = {isa = PBXBuildFile; fileRef = 3D2A72FB219430850093A93C /* Weather.swift */; };
		3D34439A22351997006A76EF /* Assets.xcassets in Resources */ = {isa = PBXBuildFile; fileRef = 3D34439922351997006A76EF /* Assets.xcassets */; };
		3D34439C22354D58006A76EF /* WeatherCodes.swift in Sources */ = {isa = PBXBuildFile; fileRef = 3D34439B22354D58006A76EF /* WeatherCodes.swift */; };
		3D34439F22356121006A76EF /* StringExtension.swift in Sources */ = {isa = PBXBuildFile; fileRef = 3D34439E22356121006A76EF /* StringExtension.swift */; };
		3D3443A122356948006A76EF /* IntExtension.swift in Sources */ = {isa = PBXBuildFile; fileRef = 3D3443A022356948006A76EF /* IntExtension.swift */; };
		3DBF65C72233200B007CB6BD /* ForecastViewController.swift in Sources */ = {isa = PBXBuildFile; fileRef = 3DBF65C62233200B007CB6BD /* ForecastViewController.swift */; };
		3DBF65C922334347007CB6BD /* WeatherRequest.swift in Sources */ = {isa = PBXBuildFile; fileRef = 3DBF65C822334347007CB6BD /* WeatherRequest.swift */; };
		3DBF65CB2233489F007CB6BD /* ApiUrl.swift in Sources */ = {isa = PBXBuildFile; fileRef = 3DBF65CA2233489F007CB6BD /* ApiUrl.swift */; };
		3DD324A12239946200735797 /* ErrorAlerts.swift in Sources */ = {isa = PBXBuildFile; fileRef = 3DD324A02239946200735797 /* ErrorAlerts.swift */; };
		3DD324A32239B66100735797 /* StyleTableViewController.swift in Sources */ = {isa = PBXBuildFile; fileRef = 3DD324A22239B66100735797 /* StyleTableViewController.swift */; };
		3DD324A72239BF6A00735797 /* AppStyle.swift in Sources */ = {isa = PBXBuildFile; fileRef = 3DD324A62239BF6A00735797 /* AppStyle.swift */; };
		3DD324A92239C1B200735797 /* AppStyleController.swift in Sources */ = {isa = PBXBuildFile; fileRef = 3DD324A82239C1B200735797 /* AppStyleController.swift */; };
		3DD6DB482236A043000EF8D8 /* DayWeatherViewController.swift in Sources */ = {isa = PBXBuildFile; fileRef = 3DD6DB472236A043000EF8D8 /* DayWeatherViewController.swift */; };
		3DD6DB4A2236A85A000EF8D8 /* HourBinView.xib in Resources */ = {isa = PBXBuildFile; fileRef = 3DD6DB492236A85A000EF8D8 /* HourBinView.xib */; };
		3DD6DB4C2236A94B000EF8D8 /* HourBinView.swift in Sources */ = {isa = PBXBuildFile; fileRef = 3DD6DB4B2236A94B000EF8D8 /* HourBinView.swift */; };
		3DD6DB4E2236C8AC000EF8D8 /* VerticalTemperatureIndicator.swift in Sources */ = {isa = PBXBuildFile; fileRef = 3DD6DB4D2236C8AC000EF8D8 /* VerticalTemperatureIndicator.swift */; };
		3DF0F41321A6DE9800685E15 /* RawWeatherInfo.swift in Sources */ = {isa = PBXBuildFile; fileRef = 3DF0F41221A6DE9800685E15 /* RawWeatherInfo.swift */; };
		3DF0F41521A6DEBA00685E15 /* Forecast.swift in Sources */ = {isa = PBXBuildFile; fileRef = 3DF0F41421A6DEBA00685E15 /* Forecast.swift */; };
		3DF0F41721A6EBB200685E15 /* DateExtension.swift in Sources */ = {isa = PBXBuildFile; fileRef = 3DF0F41621A6EBB200685E15 /* DateExtension.swift */; };
/* End PBXBuildFile section */

/* Begin PBXFileReference section */
		3D061D762237DBA800BFBD4F /* ForecastTableViewCell.xib */ = {isa = PBXFileReference; lastKnownFileType = file.xib; path = ForecastTableViewCell.xib; sourceTree = "<group>"; };
		3D061D782237E07E00BFBD4F /* ForecastTableViewCell.swift */ = {isa = PBXFileReference; lastKnownFileType = sourcecode.swift; path = ForecastTableViewCell.swift; sourceTree = "<group>"; };
		3D29E150218B2DE70090E9E1 /* Weather.app */ = {isa = PBXFileReference; explicitFileType = wrapper.application; includeInIndex = 0; path = Weather.app; sourceTree = BUILT_PRODUCTS_DIR; };
		3D29E153218B2DE70090E9E1 /* AppDelegate.swift */ = {isa = PBXFileReference; lastKnownFileType = sourcecode.swift; path = AppDelegate.swift; sourceTree = "<group>"; };
		3D29E155218B2DE70090E9E1 /* LocationViewController.swift */ = {isa = PBXFileReference; lastKnownFileType = sourcecode.swift; path = LocationViewController.swift; sourceTree = "<group>"; };
		3D29E158218B2DE70090E9E1 /* Base */ = {isa = PBXFileReference; lastKnownFileType = file.storyboard; name = Base; path = Base.lproj/Main.storyboard; sourceTree = "<group>"; };
		3D29E15B218B2DE70090E9E1 /* Weather.xcdatamodel */ = {isa = PBXFileReference; lastKnownFileType = wrapper.xcdatamodel; path = Weather.xcdatamodel; sourceTree = "<group>"; };
		3D29E160218B2DE90090E9E1 /* Base */ = {isa = PBXFileReference; lastKnownFileType = file.storyboard; name = Base; path = Base.lproj/LaunchScreen.storyboard; sourceTree = "<group>"; };
		3D29E162218B2DE90090E9E1 /* Info.plist */ = {isa = PBXFileReference; lastKnownFileType = text.plist.xml; path = Info.plist; sourceTree = "<group>"; };
		3D2A72F921942D190093A93C /* Secret.swift */ = {isa = PBXFileReference; lastKnownFileType = sourcecode.swift; path = Secret.swift; sourceTree = "<group>"; };
		3D2A72FB219430850093A93C /* Weather.swift */ = {isa = PBXFileReference; lastKnownFileType = sourcecode.swift; path = Weather.swift; sourceTree = "<group>"; };
		3D34439922351997006A76EF /* Assets.xcassets */ = {isa = PBXFileReference; lastKnownFileType = folder.assetcatalog; path = Assets.xcassets; sourceTree = "<group>"; };
		3D34439B22354D58006A76EF /* WeatherCodes.swift */ = {isa = PBXFileReference; lastKnownFileType = sourcecode.swift; path = WeatherCodes.swift; sourceTree = "<group>"; };
		3D34439E22356121006A76EF /* StringExtension.swift */ = {isa = PBXFileReference; lastKnownFileType = sourcecode.swift; path = StringExtension.swift; sourceTree = "<group>"; };
		3D3443A022356948006A76EF /* IntExtension.swift */ = {isa = PBXFileReference; lastKnownFileType = sourcecode.swift; path = IntExtension.swift; sourceTree = "<group>"; };
		3DBF65C62233200B007CB6BD /* ForecastViewController.swift */ = {isa = PBXFileReference; lastKnownFileType = sourcecode.swift; name = ForecastViewController.swift; path = Weather/ForecastViewController.swift; sourceTree = SOURCE_ROOT; };
		3DBF65C822334347007CB6BD /* WeatherRequest.swift */ = {isa = PBXFileReference; lastKnownFileType = sourcecode.swift; path = WeatherRequest.swift; sourceTree = "<group>"; };
		3DBF65CA2233489F007CB6BD /* ApiUrl.swift */ = {isa = PBXFileReference; lastKnownFileType = sourcecode.swift; path = ApiUrl.swift; sourceTree = "<group>"; };
		3DD324A02239946200735797 /* ErrorAlerts.swift */ = {isa = PBXFileReference; lastKnownFileType = sourcecode.swift; path = ErrorAlerts.swift; sourceTree = "<group>"; };
		3DD324A22239B66100735797 /* StyleTableViewController.swift */ = {isa = PBXFileReference; lastKnownFileType = sourcecode.swift; path = StyleTableViewController.swift; sourceTree = "<group>"; };
		3DD324A62239BF6A00735797 /* AppStyle.swift */ = {isa = PBXFileReference; lastKnownFileType = sourcecode.swift; path = AppStyle.swift; sourceTree = "<group>"; };
		3DD324A82239C1B200735797 /* AppStyleController.swift */ = {isa = PBXFileReference; lastKnownFileType = sourcecode.swift; path = AppStyleController.swift; sourceTree = "<group>"; };
		3DD6DB472236A043000EF8D8 /* DayWeatherViewController.swift */ = {isa = PBXFileReference; lastKnownFileType = sourcecode.swift; path = DayWeatherViewController.swift; sourceTree = "<group>"; };
		3DD6DB492236A85A000EF8D8 /* HourBinView.xib */ = {isa = PBXFileReference; lastKnownFileType = file.xib; path = HourBinView.xib; sourceTree = "<group>"; };
		3DD6DB4B2236A94B000EF8D8 /* HourBinView.swift */ = {isa = PBXFileReference; lastKnownFileType = sourcecode.swift; path = HourBinView.swift; sourceTree = "<group>"; };
		3DD6DB4D2236C8AC000EF8D8 /* VerticalTemperatureIndicator.swift */ = {isa = PBXFileReference; lastKnownFileType = sourcecode.swift; path = VerticalTemperatureIndicator.swift; sourceTree = "<group>"; };
		3DF0F41221A6DE9800685E15 /* RawWeatherInfo.swift */ = {isa = PBXFileReference; lastKnownFileType = sourcecode.swift; path = RawWeatherInfo.swift; sourceTree = "<group>"; };
		3DF0F41421A6DEBA00685E15 /* Forecast.swift */ = {isa = PBXFileReference; lastKnownFileType = sourcecode.swift; path = Forecast.swift; sourceTree = "<group>"; };
		3DF0F41621A6EBB200685E15 /* DateExtension.swift */ = {isa = PBXFileReference; lastKnownFileType = sourcecode.swift; path = DateExtension.swift; sourceTree = "<group>"; };
/* End PBXFileReference section */

/* Begin PBXFrameworksBuildPhase section */
		3D29E14D218B2DE70090E9E1 /* Frameworks */ = {
			isa = PBXFrameworksBuildPhase;
			buildActionMask = 2147483647;
			files = (
			);
			runOnlyForDeploymentPostprocessing = 0;
		};
/* End PBXFrameworksBuildPhase section */

/* Begin PBXGroup section */
		3D29E147218B2DE70090E9E1 = {
			isa = PBXGroup;
			children = (
				3D29E152218B2DE70090E9E1 /* Weather */,
				3D29E151218B2DE70090E9E1 /* Products */,
			);
			sourceTree = "<group>";
		};
		3D29E151218B2DE70090E9E1 /* Products */ = {
			isa = PBXGroup;
			children = (
				3D29E150218B2DE70090E9E1 /* Weather.app */,
			);
			name = Products;
			sourceTree = "<group>";
		};
		3D29E152218B2DE70090E9E1 /* Weather */ = {
			isa = PBXGroup;
			children = (
				3DBF65C62233200B007CB6BD /* ForecastViewController.swift */,
				3DD6DB472236A043000EF8D8 /* DayWeatherViewController.swift */,
				3DD6DB4B2236A94B000EF8D8 /* HourBinView.swift */,
				3DD6DB492236A85A000EF8D8 /* HourBinView.xib */,
				3DD6DB4D2236C8AC000EF8D8 /* VerticalTemperatureIndicator.swift */,
				3D29E155218B2DE70090E9E1 /* LocationViewController.swift */,
				3DD324A22239B66100735797 /* StyleTableViewController.swift */,
				3D34439922351997006A76EF /* Assets.xcassets */,
				3DF0F41821A6F5DB00685E15 /* Request */,
				3DF0F41121A6DE7500685E15 /* WeatherJson */,
				3D29E153218B2DE70090E9E1 /* AppDelegate.swift */,
				3D29E157218B2DE70090E9E1 /* Main.storyboard */,
				3D29E15F218B2DE90090E9E1 /* LaunchScreen.storyboard */,
				3D29E162218B2DE90090E9E1 /* Info.plist */,
				3D29E15A218B2DE70090E9E1 /* Weather.xcdatamodeld */,
				3D2A72F921942D190093A93C /* Secret.swift */,
				3DF0F41621A6EBB200685E15 /* DateExtension.swift */,
				3D34439E22356121006A76EF /* StringExtension.swift */,
				3D061D762237DBA800BFBD4F /* ForecastTableViewCell.xib */,
				3D061D782237E07E00BFBD4F /* ForecastTableViewCell.swift */,
				3DD324A02239946200735797 /* ErrorAlerts.swift */,
				3DD324A62239BF6A00735797 /* AppStyle.swift */,
				3DD324A82239C1B200735797 /* AppStyleController.swift */,
			);
			path = Weather;
			sourceTree = "<group>";
		};
		3DF0F41121A6DE7500685E15 /* WeatherJson */ = {
			isa = PBXGroup;
			children = (
				3D3443A022356948006A76EF /* IntExtension.swift */,
				3D2A72FB219430850093A93C /* Weather.swift */,
				3DF0F41221A6DE9800685E15 /* RawWeatherInfo.swift */,
				3DF0F41421A6DEBA00685E15 /* Forecast.swift */,
				3D34439B22354D58006A76EF /* WeatherCodes.swift */,
			);
			path = WeatherJson;
			sourceTree = "<group>";
		};
		3DF0F41821A6F5DB00685E15 /* Request */ = {
			isa = PBXGroup;
			children = (
				3DBF65C822334347007CB6BD /* WeatherRequest.swift */,
				3DBF65CA2233489F007CB6BD /* ApiUrl.swift */,
			);
			path = Request;
			sourceTree = "<group>";
		};
/* End PBXGroup section */

/* Begin PBXNativeTarget section */
		3D29E14F218B2DE70090E9E1 /* Weather */ = {
			isa = PBXNativeTarget;
			buildConfigurationList = 3D29E165218B2DE90090E9E1 /* Build configuration list for PBXNativeTarget "Weather" */;
			buildPhases = (
				3D29E14C218B2DE70090E9E1 /* Sources */,
				3D29E14D218B2DE70090E9E1 /* Frameworks */,
				3D29E14E218B2DE70090E9E1 /* Resources */,
			);
			buildRules = (
			);
			dependencies = (
			);
			name = Weather;
			productName = Weather;
			productReference = 3D29E150218B2DE70090E9E1 /* Weather.app */;
			productType = "com.apple.product-type.application";
		};
/* End PBXNativeTarget section */

/* Begin PBXProject section */
		3D29E148218B2DE70090E9E1 /* Project object */ = {
			isa = PBXProject;
			attributes = {
				LastSwiftUpdateCheck = 1000;
				LastUpgradeCheck = 1000;
				ORGANIZATIONNAME = Codezavod;
				TargetAttributes = {
					3D29E14F218B2DE70090E9E1 = {
						CreatedOnToolsVersion = 10.0;
					};
				};
			};
			buildConfigurationList = 3D29E14B218B2DE70090E9E1 /* Build configuration list for PBXProject "Weather" */;
			compatibilityVersion = "Xcode 9.3";
			developmentRegion = en;
			hasScannedForEncodings = 0;
			knownRegions = (
				en,
				Base,
			);
			mainGroup = 3D29E147218B2DE70090E9E1;
			productRefGroup = 3D29E151218B2DE70090E9E1 /* Products */;
			projectDirPath = "";
			projectRoot = "";
			targets = (
				3D29E14F218B2DE70090E9E1 /* Weather */,
			);
		};
/* End PBXProject section */

/* Begin PBXResourcesBuildPhase section */
		3D29E14E218B2DE70090E9E1 /* Resources */ = {
			isa = PBXResourcesBuildPhase;
			buildActionMask = 2147483647;
			files = (
				3D061D772237DBA800BFBD4F /* ForecastTableViewCell.xib in Resources */,
				3D29E161218B2DE90090E9E1 /* LaunchScreen.storyboard in Resources */,
				3D34439A22351997006A76EF /* Assets.xcassets in Resources */,
				3DD6DB4A2236A85A000EF8D8 /* HourBinView.xib in Resources */,
				3D29E159218B2DE70090E9E1 /* Main.storyboard in Resources */,
			);
			runOnlyForDeploymentPostprocessing = 0;
		};
/* End PBXResourcesBuildPhase section */

/* Begin PBXSourcesBuildPhase section */
		3D29E14C218B2DE70090E9E1 /* Sources */ = {
			isa = PBXSourcesBuildPhase;
			buildActionMask = 2147483647;
			files = (
				3DF0F41521A6DEBA00685E15 /* Forecast.swift in Sources */,
				3D29E15C218B2DE70090E9E1 /* Weather.xcdatamodeld in Sources */,
				3DBF65CB2233489F007CB6BD /* ApiUrl.swift in Sources */,
				3DBF65C922334347007CB6BD /* WeatherRequest.swift in Sources */,
				3D2A72FA21942D190093A93C /* Secret.swift in Sources */,
				3DF0F41721A6EBB200685E15 /* DateExtension.swift in Sources */,
				3D061D792237E07E00BFBD4F /* ForecastTableViewCell.swift in Sources */,
				3D29E156218B2DE70090E9E1 /* LocationViewController.swift in Sources */,
				3D34439C22354D58006A76EF /* WeatherCodes.swift in Sources */,
				3D2A72FC219430850093A93C /* Weather.swift in Sources */,
				3D3443A122356948006A76EF /* IntExtension.swift in Sources */,
				3DD324A12239946200735797 /* ErrorAlerts.swift in Sources */,
				3D29E154218B2DE70090E9E1 /* AppDelegate.swift in Sources */,
				3DD324A72239BF6A00735797 /* AppStyle.swift in Sources */,
				3DD324A92239C1B200735797 /* AppStyleController.swift in Sources */,
				3DD324A32239B66100735797 /* StyleTableViewController.swift in Sources */,
				3DF0F41321A6DE9800685E15 /* RawWeatherInfo.swift in Sources */,
				3DD6DB4C2236A94B000EF8D8 /* HourBinView.swift in Sources */,
				3DD6DB482236A043000EF8D8 /* DayWeatherViewController.swift in Sources */,
				3D34439F22356121006A76EF /* StringExtension.swift in Sources */,
				3DD6DB4E2236C8AC000EF8D8 /* VerticalTemperatureIndicator.swift in Sources */,
				3DBF65C72233200B007CB6BD /* ForecastViewController.swift in Sources */,
			);
			runOnlyForDeploymentPostprocessing = 0;
		};
/* End PBXSourcesBuildPhase section */

/* Begin PBXVariantGroup section */
		3D29E157218B2DE70090E9E1 /* Main.storyboard */ = {
			isa = PBXVariantGroup;
			children = (
				3D29E158218B2DE70090E9E1 /* Base */,
			);
			name = Main.storyboard;
			sourceTree = "<group>";
		};
		3D29E15F218B2DE90090E9E1 /* LaunchScreen.storyboard */ = {
			isa = PBXVariantGroup;
			children = (
				3D29E160218B2DE90090E9E1 /* Base */,
			);
			name = LaunchScreen.storyboard;
			sourceTree = "<group>";
		};
/* End PBXVariantGroup section */

/* Begin XCBuildConfiguration section */
		3D29E163218B2DE90090E9E1 /* Debug */ = {
			isa = XCBuildConfiguration;
			buildSettings = {
				ALWAYS_SEARCH_USER_PATHS = NO;
				CLANG_ANALYZER_NONNULL = YES;
				CLANG_ANALYZER_NUMBER_OBJECT_CONVERSION = YES_AGGRESSIVE;
				CLANG_CXX_LANGUAGE_STANDARD = "gnu++14";
				CLANG_CXX_LIBRARY = "libc++";
				CLANG_ENABLE_MODULES = YES;
				CLANG_ENABLE_OBJC_ARC = YES;
				CLANG_ENABLE_OBJC_WEAK = YES;
				CLANG_WARN_BLOCK_CAPTURE_AUTORELEASING = YES;
				CLANG_WARN_BOOL_CONVERSION = YES;
				CLANG_WARN_COMMA = YES;
				CLANG_WARN_CONSTANT_CONVERSION = YES;
				CLANG_WARN_DEPRECATED_OBJC_IMPLEMENTATIONS = YES;
				CLANG_WARN_DIRECT_OBJC_ISA_USAGE = YES_ERROR;
				CLANG_WARN_DOCUMENTATION_COMMENTS = YES;
				CLANG_WARN_EMPTY_BODY = YES;
				CLANG_WARN_ENUM_CONVERSION = YES;
				CLANG_WARN_INFINITE_RECURSION = YES;
				CLANG_WARN_INT_CONVERSION = YES;
				CLANG_WARN_NON_LITERAL_NULL_CONVERSION = YES;
				CLANG_WARN_OBJC_IMPLICIT_RETAIN_SELF = YES;
				CLANG_WARN_OBJC_LITERAL_CONVERSION = YES;
				CLANG_WARN_OBJC_ROOT_CLASS = YES_ERROR;
				CLANG_WARN_RANGE_LOOP_ANALYSIS = YES;
				CLANG_WARN_STRICT_PROTOTYPES = YES;
				CLANG_WARN_SUSPICIOUS_MOVE = YES;
				CLANG_WARN_UNGUARDED_AVAILABILITY = YES_AGGRESSIVE;
				CLANG_WARN_UNREACHABLE_CODE = YES;
				CLANG_WARN__DUPLICATE_METHOD_MATCH = YES;
				CODE_SIGN_IDENTITY = "iPhone Developer";
				COPY_PHASE_STRIP = NO;
				DEBUG_INFORMATION_FORMAT = dwarf;
				ENABLE_STRICT_OBJC_MSGSEND = YES;
				ENABLE_TESTABILITY = YES;
				GCC_C_LANGUAGE_STANDARD = gnu11;
				GCC_DYNAMIC_NO_PIC = NO;
				GCC_NO_COMMON_BLOCKS = YES;
				GCC_OPTIMIZATION_LEVEL = 0;
				GCC_PREPROCESSOR_DEFINITIONS = (
					"DEBUG=1",
					"$(inherited)",
				);
				GCC_WARN_64_TO_32_BIT_CONVERSION = YES;
				GCC_WARN_ABOUT_RETURN_TYPE = YES_ERROR;
				GCC_WARN_UNDECLARED_SELECTOR = YES;
				GCC_WARN_UNINITIALIZED_AUTOS = YES_AGGRESSIVE;
				GCC_WARN_UNUSED_FUNCTION = YES;
				GCC_WARN_UNUSED_VARIABLE = YES;
				IPHONEOS_DEPLOYMENT_TARGET = 12.0;
				MTL_ENABLE_DEBUG_INFO = INCLUDE_SOURCE;
				MTL_FAST_MATH = YES;
				ONLY_ACTIVE_ARCH = YES;
				SDKROOT = iphoneos;
				SWIFT_ACTIVE_COMPILATION_CONDITIONS = DEBUG;
				SWIFT_OPTIMIZATION_LEVEL = "-Onone";
			};
			name = Debug;
		};
		3D29E164218B2DE90090E9E1 /* Release */ = {
			isa = XCBuildConfiguration;
			buildSettings = {
				ALWAYS_SEARCH_USER_PATHS = NO;
				CLANG_ANALYZER_NONNULL = YES;
				CLANG_ANALYZER_NUMBER_OBJECT_CONVERSION = YES_AGGRESSIVE;
				CLANG_CXX_LANGUAGE_STANDARD = "gnu++14";
				CLANG_CXX_LIBRARY = "libc++";
				CLANG_ENABLE_MODULES = YES;
				CLANG_ENABLE_OBJC_ARC = YES;
				CLANG_ENABLE_OBJC_WEAK = YES;
				CLANG_WARN_BLOCK_CAPTURE_AUTORELEASING = YES;
				CLANG_WARN_BOOL_CONVERSION = YES;
				CLANG_WARN_COMMA = YES;
				CLANG_WARN_CONSTANT_CONVERSION = YES;
				CLANG_WARN_DEPRECATED_OBJC_IMPLEMENTATIONS = YES;
				CLANG_WARN_DIRECT_OBJC_ISA_USAGE = YES_ERROR;
				CLANG_WARN_DOCUMENTATION_COMMENTS = YES;
				CLANG_WARN_EMPTY_BODY = YES;
				CLANG_WARN_ENUM_CONVERSION = YES;
				CLANG_WARN_INFINITE_RECURSION = YES;
				CLANG_WARN_INT_CONVERSION = YES;
				CLANG_WARN_NON_LITERAL_NULL_CONVERSION = YES;
				CLANG_WARN_OBJC_IMPLICIT_RETAIN_SELF = YES;
				CLANG_WARN_OBJC_LITERAL_CONVERSION = YES;
				CLANG_WARN_OBJC_ROOT_CLASS = YES_ERROR;
				CLANG_WARN_RANGE_LOOP_ANALYSIS = YES;
				CLANG_WARN_STRICT_PROTOTYPES = YES;
				CLANG_WARN_SUSPICIOUS_MOVE = YES;
				CLANG_WARN_UNGUARDED_AVAILABILITY = YES_AGGRESSIVE;
				CLANG_WARN_UNREACHABLE_CODE = YES;
				CLANG_WARN__DUPLICATE_METHOD_MATCH = YES;
				CODE_SIGN_IDENTITY = "iPhone Developer";
				COPY_PHASE_STRIP = NO;
				DEBUG_INFORMATION_FORMAT = "dwarf-with-dsym";
				ENABLE_NS_ASSERTIONS = NO;
				ENABLE_STRICT_OBJC_MSGSEND = YES;
				GCC_C_LANGUAGE_STANDARD = gnu11;
				GCC_NO_COMMON_BLOCKS = YES;
				GCC_WARN_64_TO_32_BIT_CONVERSION = YES;
				GCC_WARN_ABOUT_RETURN_TYPE = YES_ERROR;
				GCC_WARN_UNDECLARED_SELECTOR = YES;
				GCC_WARN_UNINITIALIZED_AUTOS = YES_AGGRESSIVE;
				GCC_WARN_UNUSED_FUNCTION = YES;
				GCC_WARN_UNUSED_VARIABLE = YES;
				IPHONEOS_DEPLOYMENT_TARGET = 12.0;
				MTL_ENABLE_DEBUG_INFO = NO;
				MTL_FAST_MATH = YES;
				SDKROOT = iphoneos;
				SWIFT_COMPILATION_MODE = wholemodule;
				SWIFT_OPTIMIZATION_LEVEL = "-O";
				VALIDATE_PRODUCT = YES;
			};
			name = Release;
		};
		3D29E166218B2DE90090E9E1 /* Debug */ = {
			isa = XCBuildConfiguration;
			buildSettings = {
				ASSETCATALOG_COMPILER_APPICON_NAME = AppIcon;
				CODE_SIGN_STYLE = Automatic;
				DEVELOPMENT_TEAM = 32AQQ2HR67;
				INFOPLIST_FILE = Weather/Info.plist;
				LD_RUNPATH_SEARCH_PATHS = (
					"$(inherited)",
					"@executable_path/Frameworks",
				);
				PRODUCT_BUNDLE_IDENTIFIER = com.codezavod.Weather;
				PRODUCT_NAME = "$(TARGET_NAME)";
				SWIFT_VERSION = 4.2;
				TARGETED_DEVICE_FAMILY = "1,2";
			};
			name = Debug;
		};
		3D29E167218B2DE90090E9E1 /* Release */ = {
			isa = XCBuildConfiguration;
			buildSettings = {
				ASSETCATALOG_COMPILER_APPICON_NAME = AppIcon;
				CODE_SIGN_STYLE = Automatic;
				DEVELOPMENT_TEAM = 32AQQ2HR67;
				INFOPLIST_FILE = Weather/Info.plist;
				LD_RUNPATH_SEARCH_PATHS = (
					"$(inherited)",
					"@executable_path/Frameworks",
				);
				PRODUCT_BUNDLE_IDENTIFIER = com.codezavod.Weather;
				PRODUCT_NAME = "$(TARGET_NAME)";
				SWIFT_VERSION = 4.2;
				TARGETED_DEVICE_FAMILY = "1,2";
			};
			name = Release;
		};
/* End XCBuildConfiguration section */

/* Begin XCConfigurationList section */
		3D29E14B218B2DE70090E9E1 /* Build configuration list for PBXProject "Weather" */ = {
			isa = XCConfigurationList;
			buildConfigurations = (
				3D29E163218B2DE90090E9E1 /* Debug */,
				3D29E164218B2DE90090E9E1 /* Release */,
			);
			defaultConfigurationIsVisible = 0;
			defaultConfigurationName = Release;
		};
		3D29E165218B2DE90090E9E1 /* Build configuration list for PBXNativeTarget "Weather" */ = {
			isa = XCConfigurationList;
			buildConfigurations = (
				3D29E166218B2DE90090E9E1 /* Debug */,
				3D29E167218B2DE90090E9E1 /* Release */,
			);
			defaultConfigurationIsVisible = 0;
			defaultConfigurationName = Release;
		};
/* End XCConfigurationList section */

/* Begin XCVersionGroup section */
		3D29E15A218B2DE70090E9E1 /* Weather.xcdatamodeld */ = {
			isa = XCVersionGroup;
			children = (
				3D29E15B218B2DE70090E9E1 /* Weather.xcdatamodel */,
			);
			currentVersion = 3D29E15B218B2DE70090E9E1 /* Weather.xcdatamodel */;
			path = Weather.xcdatamodeld;
			sourceTree = "<group>";
			versionGroupType = wrapper.xcdatamodel;
		};
/* End XCVersionGroup section */
	};
	rootObject = 3D29E148218B2DE70090E9E1 /* Project object */;
}
