// !$*UTF8*$!
{
	archiveVersion = 1;
	classes = {
	};
	objectVersion = 50;
	objects = {

/* Begin PBXBuildFile section */
		3D061D772237DBA800BFBD4F /* WeatherTableViewCell.xib in Resources */ = {isa = PBXBuildFile; fileRef = 3D061D762237DBA800BFBD4F /* WeatherTableViewCell.xib */; };
		3D061D792237E07E00BFBD4F /* WeatherTableViewCell.swift in Sources */ = {isa = PBXBuildFile; fileRef = 3D061D782237E07E00BFBD4F /* WeatherTableViewCell.swift */; };
		3D29E154218B2DE70090E9E1 /* AppDelegate.swift in Sources */ = {isa = PBXBuildFile; fileRef = 3D29E153218B2DE70090E9E1 /* AppDelegate.swift */; };
		3D29E159218B2DE70090E9E1 /* Main.storyboard in Resources */ = {isa = PBXBuildFile; fileRef = 3D29E157218B2DE70090E9E1 /* Main.storyboard */; };
		3D29E15C218B2DE70090E9E1 /* Weather.xcdatamodeld in Sources */ = {isa = PBXBuildFile; fileRef = 3D29E15A218B2DE70090E9E1 /* Weather.xcdatamodeld */; };
		3D29E161218B2DE90090E9E1 /* LaunchScreen.storyboard in Resources */ = {isa = PBXBuildFile; fileRef = 3D29E15F218B2DE90090E9E1 /* LaunchScreen.storyboard */; };
		3D2A72FA21942D190093A93C /* Secret.swift in Sources */ = {isa = PBXBuildFile; fileRef = 3D2A72F921942D190093A93C /* Secret.swift */; };
		3D2A72FC219430850093A93C /* Weather.swift in Sources */ = {isa = PBXBuildFile; fileRef = 3D2A72FB219430850093A93C /* Weather.swift */; };
		3D2D0BC22242EF8D002E0097 /* LocationInteractor.swift in Sources */ = {isa = PBXBuildFile; fileRef = 3D2D0BC12242EF8D002E0097 /* LocationInteractor.swift */; };
		3D2D0BC72242FBE2002E0097 /* LocationPresenter.swift in Sources */ = {isa = PBXBuildFile; fileRef = 3D2D0BC62242FBE2002E0097 /* LocationPresenter.swift */; };
		3D2D0BCE22430099002E0097 /* LocationViewController.swift in Sources */ = {isa = PBXBuildFile; fileRef = 3D2D0BCD22430099002E0097 /* LocationViewController.swift */; };
		3D2D0BD022430845002E0097 /* GeolocationService.swift in Sources */ = {isa = PBXBuildFile; fileRef = 3D2D0BCF22430845002E0097 /* GeolocationService.swift */; };
		3D34439A22351997006A76EF /* Assets.xcassets in Resources */ = {isa = PBXBuildFile; fileRef = 3D34439922351997006A76EF /* Assets.xcassets */; };
		3D34439C22354D58006A76EF /* WeatherCodes.swift in Sources */ = {isa = PBXBuildFile; fileRef = 3D34439B22354D58006A76EF /* WeatherCodes.swift */; };
		3D34439F22356121006A76EF /* StringExtension.swift in Sources */ = {isa = PBXBuildFile; fileRef = 3D34439E22356121006A76EF /* StringExtension.swift */; };
		3D3443A122356948006A76EF /* IntExtension.swift in Sources */ = {isa = PBXBuildFile; fileRef = 3D3443A022356948006A76EF /* IntExtension.swift */; };
		3D415AFE224401E3006B4CD5 /* WeatherViewController.swift in Sources */ = {isa = PBXBuildFile; fileRef = 3D415AFD224401E3006B4CD5 /* WeatherViewController.swift */; };
		3D4304BC2333AFB700B9E4EC /* LocationPresenterFake.swift in Sources */ = {isa = PBXBuildFile; fileRef = 3D4304BB2333AFB700B9E4EC /* LocationPresenterFake.swift */; };
		3D8E874923297F4A00B96826 /* LocationViewControllerSegueMock.swift in Sources */ = {isa = PBXBuildFile; fileRef = 3D8E874823297F4A00B96826 /* LocationViewControllerSegueMock.swift */; };
		3D8E874B23297F7000B96826 /* LocationRouterSpy.swift in Sources */ = {isa = PBXBuildFile; fileRef = 3D8E874A23297F7000B96826 /* LocationRouterSpy.swift */; };
		3D8E874D23297FBB00B96826 /* LocationInteractorOutputSpy.swift in Sources */ = {isa = PBXBuildFile; fileRef = 3D8E874C23297FBB00B96826 /* LocationInteractorOutputSpy.swift */; };
		3D8E874F2329819700B96826 /* LocationPresenterTests.swift in Sources */ = {isa = PBXBuildFile; fileRef = 3D8E874E2329819700B96826 /* LocationPresenterTests.swift */; };
		3D8E87512329821200B96826 /* GeolocationServiceStub.swift in Sources */ = {isa = PBXBuildFile; fileRef = 3D8E87502329821200B96826 /* GeolocationServiceStub.swift */; };
		3D94F5E32327ED76003C906B /* LocationConfiguratorTests.swift in Sources */ = {isa = PBXBuildFile; fileRef = 3D94F5E22327ED76003C906B /* LocationConfiguratorTests.swift */; };
		3D94F5EC2327FD8F003C906B /* Main.storyboard in Resources */ = {isa = PBXBuildFile; fileRef = 3D29E157218B2DE70090E9E1 /* Main.storyboard */; };
		3D9511A22333BF6A00E9417B /* AppStyleRepositoryStub.swift in Sources */ = {isa = PBXBuildFile; fileRef = 3D9511A12333BF6A00E9417B /* AppStyleRepositoryStub.swift */; };
		3D959135223DAA5600F5E61F /* ImageExtension.swift in Sources */ = {isa = PBXBuildFile; fileRef = 3D959134223DAA5600F5E61F /* ImageExtension.swift */; };
		3DA907B423327E61003A0C7F /* WeatherInteractorOutputFake.swift in Sources */ = {isa = PBXBuildFile; fileRef = 3DA907B323327E61003A0C7F /* WeatherInteractorOutputFake.swift */; };
		3DA907B62332A7CD003A0C7F /* WeatherInteractorOutputSpy.swift in Sources */ = {isa = PBXBuildFile; fileRef = 3DA907B52332A7CD003A0C7F /* WeatherInteractorOutputSpy.swift */; };
		3DC0A23F22441B1500C85F83 /* LocationConfigurator.swift in Sources */ = {isa = PBXBuildFile; fileRef = 3DC0A23E22441B1500C85F83 /* LocationConfigurator.swift */; };
		3DC0A24222441F6300C85F83 /* WeatherRouter.swift in Sources */ = {isa = PBXBuildFile; fileRef = 3DC0A24122441F6300C85F83 /* WeatherRouter.swift */; };
		3DC0A2442244259100C85F83 /* WeatherInteractor.swift in Sources */ = {isa = PBXBuildFile; fileRef = 3DC0A2432244259100C85F83 /* WeatherInteractor.swift */; };
		3DC0A24B22443E5100C85F83 /* KuranovSpinnerView.swift in Sources */ = {isa = PBXBuildFile; fileRef = 3DC0A24922443E5100C85F83 /* KuranovSpinnerView.swift */; };
		3DC0A25022443F5900C85F83 /* DayForecastRouter.swift in Sources */ = {isa = PBXBuildFile; fileRef = 3DC0A24F22443F5900C85F83 /* DayForecastRouter.swift */; };
		3DC0A254224442DE00C85F83 /* DayForecastPresenter.swift in Sources */ = {isa = PBXBuildFile; fileRef = 3DC0A253224442DE00C85F83 /* DayForecastPresenter.swift */; };
		3DC0A26A2244540200C85F83 /* StylePresenter.swift in Sources */ = {isa = PBXBuildFile; fileRef = 3DC0A2692244540200C85F83 /* StylePresenter.swift */; };
		3DC0A270224457A300C85F83 /* StyleInteractor.swift in Sources */ = {isa = PBXBuildFile; fileRef = 3DC0A26F224457A300C85F83 /* StyleInteractor.swift */; };
		3DC0A273224458DD00C85F83 /* StyleRouter.swift in Sources */ = {isa = PBXBuildFile; fileRef = 3DC0A272224458DD00C85F83 /* StyleRouter.swift */; };
		3DC0A27622446C5500C85F83 /* KuranovSpinnerView.xib in Resources */ = {isa = PBXBuildFile; fileRef = 3DC0A24A22443E5100C85F83 /* KuranovSpinnerView.xib */; };
		3DD324A32239B66100735797 /* StyleTableViewController.swift in Sources */ = {isa = PBXBuildFile; fileRef = 3DD324A22239B66100735797 /* StyleTableViewController.swift */; };
		3DD324A72239BF6A00735797 /* AppStyle.swift in Sources */ = {isa = PBXBuildFile; fileRef = 3DD324A62239BF6A00735797 /* AppStyle.swift */; };
		3DD324A92239C1B200735797 /* AppStyleRepository.swift in Sources */ = {isa = PBXBuildFile; fileRef = 3DD324A82239C1B200735797 /* AppStyleRepository.swift */; };
		3DD3BB4C224404F4002C7F4B /* NavigationBarColor.swift in Sources */ = {isa = PBXBuildFile; fileRef = 3DD3BB4B224404F4002C7F4B /* NavigationBarColor.swift */; };
		3DD3BB4E22440C0B002C7F4B /* WeatherItem.swift in Sources */ = {isa = PBXBuildFile; fileRef = 3DD3BB4D22440C0B002C7F4B /* WeatherItem.swift */; };
		3DD3BB5022441300002C7F4B /* WeatherPresenter.swift in Sources */ = {isa = PBXBuildFile; fileRef = 3DD3BB4F22441300002C7F4B /* WeatherPresenter.swift */; };
		3DD3BB53224413E9002C7F4B /* LocationRouter.swift in Sources */ = {isa = PBXBuildFile; fileRef = 3DD3BB52224413E9002C7F4B /* LocationRouter.swift */; };
		3DD6DB482236A043000EF8D8 /* DayForecastViewController.swift in Sources */ = {isa = PBXBuildFile; fileRef = 3DD6DB472236A043000EF8D8 /* DayForecastViewController.swift */; };
		3DD6DB4A2236A85A000EF8D8 /* HourBinView.xib in Resources */ = {isa = PBXBuildFile; fileRef = 3DD6DB492236A85A000EF8D8 /* HourBinView.xib */; };
		3DD6DB4C2236A94B000EF8D8 /* HourBinView.swift in Sources */ = {isa = PBXBuildFile; fileRef = 3DD6DB4B2236A94B000EF8D8 /* HourBinView.swift */; };
		3DD6DB4E2236C8AC000EF8D8 /* VerticalTemperatureIndicator.swift in Sources */ = {isa = PBXBuildFile; fileRef = 3DD6DB4D2236C8AC000EF8D8 /* VerticalTemperatureIndicator.swift */; };
		3DDC6660232FF9DE00D99A81 /* WeatherViewControllerMock.swift in Sources */ = {isa = PBXBuildFile; fileRef = 3DDC665F232FF9DE00D99A81 /* WeatherViewControllerMock.swift */; };
		3DDC6664232FF9EF00D99A81 /* WeatherRouterTests.swift in Sources */ = {isa = PBXBuildFile; fileRef = 3DDC6661232FF9EF00D99A81 /* WeatherRouterTests.swift */; };
		3DDC6665232FF9EF00D99A81 /* WeatherConfiguratorTests.swift in Sources */ = {isa = PBXBuildFile; fileRef = 3DDC6662232FF9EF00D99A81 /* WeatherConfiguratorTests.swift */; };
		3DDC6666232FF9EF00D99A81 /* WeatherInteractorTests.swift in Sources */ = {isa = PBXBuildFile; fileRef = 3DDC6663232FF9EF00D99A81 /* WeatherInteractorTests.swift */; };
		3DDC666A2331820E00D99A81 /* LocationViewTests.swift in Sources */ = {isa = PBXBuildFile; fileRef = 3DDC66692331820E00D99A81 /* LocationViewTests.swift */; };
		3DDC666E23318A0100D99A81 /* TestService.swift in Sources */ = {isa = PBXBuildFile; fileRef = 3DDC666D23318A0100D99A81 /* TestService.swift */; };
		3DDC667023318CF400D99A81 /* WeatherViewTests.swift in Sources */ = {isa = PBXBuildFile; fileRef = 3DDC666F23318CF400D99A81 /* WeatherViewTests.swift */; };
		3DDC667223318D3300D99A81 /* WeatherRouterSegueMock.swift in Sources */ = {isa = PBXBuildFile; fileRef = 3DDC667123318D3300D99A81 /* WeatherRouterSegueMock.swift */; };
		3DF0F41321A6DE9800685E15 /* RawWeatherInfo.swift in Sources */ = {isa = PBXBuildFile; fileRef = 3DF0F41221A6DE9800685E15 /* RawWeatherInfo.swift */; };
		3DF0F41521A6DEBA00685E15 /* Forecast.swift in Sources */ = {isa = PBXBuildFile; fileRef = 3DF0F41421A6DEBA00685E15 /* Forecast.swift */; };
		3DF0F41721A6EBB200685E15 /* DateExtension.swift in Sources */ = {isa = PBXBuildFile; fileRef = 3DF0F41621A6EBB200685E15 /* DateExtension.swift */; };
		751D301A22D47EF4003999F6 /* WeatherConfigurator.swift in Sources */ = {isa = PBXBuildFile; fileRef = 751D301922D47EF4003999F6 /* WeatherConfigurator.swift */; };
		751D301C22D481AE003999F6 /* DayForecastConfigurator.swift in Sources */ = {isa = PBXBuildFile; fileRef = 751D301B22D481AE003999F6 /* DayForecastConfigurator.swift */; };
		751D301E22D4876C003999F6 /* StyleConfigurator.swift in Sources */ = {isa = PBXBuildFile; fileRef = 751D301D22D4876C003999F6 /* StyleConfigurator.swift */; };
		753FECC12322527B00AE50F1 /* WeatherRepository.swift in Sources */ = {isa = PBXBuildFile; fileRef = 753FECC02322527B00AE50F1 /* WeatherRepository.swift */; };
		753FECC32322539E00AE50F1 /* ReactiveRequest.swift in Sources */ = {isa = PBXBuildFile; fileRef = 753FECC22322539E00AE50F1 /* ReactiveRequest.swift */; };
		753FECC523225E9D00AE50F1 /* CityRepository.swift in Sources */ = {isa = PBXBuildFile; fileRef = 753FECC423225E9D00AE50F1 /* CityRepository.swift */; };
		755A0F30232A35F100C7C1DF /* LocationViewFake.swift in Sources */ = {isa = PBXBuildFile; fileRef = 755A0F2F232A35F100C7C1DF /* LocationViewFake.swift */; };
		755A0F32232A37DC00C7C1DF /* WeatherRepositorySpy.swift in Sources */ = {isa = PBXBuildFile; fileRef = 755A0F31232A37DC00C7C1DF /* WeatherRepositorySpy.swift */; };
		757187822334F27E00C0E7AD /* DayForecastInteractor.swift in Sources */ = {isa = PBXBuildFile; fileRef = 757187812334F27E00C0E7AD /* DayForecastInteractor.swift */; };
		757187852334F40E00C0E7AD /* DayForecastConfiguratorTests.swift in Sources */ = {isa = PBXBuildFile; fileRef = 757187842334F40E00C0E7AD /* DayForecastConfiguratorTests.swift */; };
		757187872335074700C0E7AD /* DayForecastInteractorTests.swift in Sources */ = {isa = PBXBuildFile; fileRef = 757187862335074700C0E7AD /* DayForecastInteractorTests.swift */; };
		7571878A2335081C00C0E7AD /* DayForecastInteractorOutputSpy.swift in Sources */ = {isa = PBXBuildFile; fileRef = 757187892335081C00C0E7AD /* DayForecastInteractorOutputSpy.swift */; };
		7571878C2335119800C0E7AD /* DayForecastPresenterTests.swift in Sources */ = {isa = PBXBuildFile; fileRef = 7571878B2335119800C0E7AD /* DayForecastPresenterTests.swift */; };
		7571878E233511EB00C0E7AD /* DayForecastInteractorySpy.swift in Sources */ = {isa = PBXBuildFile; fileRef = 7571878D233511EB00C0E7AD /* DayForecastInteractorySpy.swift */; };
		75718790233512C200C0E7AD /* DayForecastViewFake.swift in Sources */ = {isa = PBXBuildFile; fileRef = 7571878F233512C200C0E7AD /* DayForecastViewFake.swift */; };
		757187922335142A00C0E7AD /* DayForecastInteractorFake.swift in Sources */ = {isa = PBXBuildFile; fileRef = 757187912335142A00C0E7AD /* DayForecastInteractorFake.swift */; };
		757187942335146E00C0E7AD /* DayForecastViewSpy.swift in Sources */ = {isa = PBXBuildFile; fileRef = 757187932335146E00C0E7AD /* DayForecastViewSpy.swift */; };
		757187962335198800C0E7AD /* DayForecastRouterTests.swift in Sources */ = {isa = PBXBuildFile; fileRef = 757187952335198800C0E7AD /* DayForecastRouterTests.swift */; };
		75718798233519FB00C0E7AD /* DayForecastPresenterSpy.swift in Sources */ = {isa = PBXBuildFile; fileRef = 75718797233519FB00C0E7AD /* DayForecastPresenterSpy.swift */; };
		7571879A23351ADE00C0E7AD /* DayForecastRouterSpy.swift in Sources */ = {isa = PBXBuildFile; fileRef = 7571879923351ADE00C0E7AD /* DayForecastRouterSpy.swift */; };
		758EB962232B9B410063DC17 /* LocationViewSpy.swift in Sources */ = {isa = PBXBuildFile; fileRef = 758EB961232B9B410063DC17 /* LocationViewSpy.swift */; };
		758EB964232B9BCE0063DC17 /* LocationInteractorFake.swift in Sources */ = {isa = PBXBuildFile; fileRef = 758EB963232B9BCE0063DC17 /* LocationInteractorFake.swift */; };
		758EB966232BAB080063DC17 /* CityRepositoryFake.swift in Sources */ = {isa = PBXBuildFile; fileRef = 758EB965232BAB080063DC17 /* CityRepositoryFake.swift */; };
		758EB968232BB3820063DC17 /* CitiesBaseRepositoryStub.swift in Sources */ = {isa = PBXBuildFile; fileRef = 758EB967232BB3820063DC17 /* CitiesBaseRepositoryStub.swift */; };
		758EB96A232BB5E30063DC17 /* LocationRouterFake.swift in Sources */ = {isa = PBXBuildFile; fileRef = 758EB969232BB5E30063DC17 /* LocationRouterFake.swift */; };
		75A605D22328EE430007C5B7 /* StoryboardView.swift in Sources */ = {isa = PBXBuildFile; fileRef = 75A605D12328EE430007C5B7 /* StoryboardView.swift */; };
		75A605D62328FBB70007C5B7 /* LocationRoutingTests.swift in Sources */ = {isa = PBXBuildFile; fileRef = 75A605D52328FBB70007C5B7 /* LocationRoutingTests.swift */; };
		75A605D823290A900007C5B7 /* LocationInteractorTests.swift in Sources */ = {isa = PBXBuildFile; fileRef = 75A605D723290A900007C5B7 /* LocationInteractorTests.swift */; };
		75A605DA23290B200007C5B7 /* LocationInteractorSpy.swift in Sources */ = {isa = PBXBuildFile; fileRef = 75A605D923290B200007C5B7 /* LocationInteractorSpy.swift */; };
		75A605DC232913250007C5B7 /* CityRepositoryStub.swift in Sources */ = {isa = PBXBuildFile; fileRef = 75A605DB232913250007C5B7 /* CityRepositoryStub.swift */; };
		75B5C728231FA11600B60BBA /* CitiesBaseRepository.swift in Sources */ = {isa = PBXBuildFile; fileRef = 75B5C727231FA11600B60BBA /* CitiesBaseRepository.swift */; };
		75B5C72A231FA13900B60BBA /* CsvReader.swift in Sources */ = {isa = PBXBuildFile; fileRef = 75B5C729231FA13900B60BBA /* CsvReader.swift */; };
		75B5C72C231FA15700B60BBA /* geo.csv in Resources */ = {isa = PBXBuildFile; fileRef = 75B5C72B231FA15700B60BBA /* geo.csv */; };
		B1ACA11E309D15EF37FF03D2 /* Pods_WeatherTests.framework in Frameworks */ = {isa = PBXBuildFile; fileRef = A9B3D47542C16BC97E299126 /* Pods_WeatherTests.framework */; };
		EC1F1B1035F34EBF73200B6C /* Pods_Weather.framework in Frameworks */ = {isa = PBXBuildFile; fileRef = 5660980FFC05E31BDE010073 /* Pods_Weather.framework */; };
/* End PBXBuildFile section */

/* Begin PBXContainerItemProxy section */
		3D94F5E52327ED76003C906B /* PBXContainerItemProxy */ = {
			isa = PBXContainerItemProxy;
			containerPortal = 3D29E148218B2DE70090E9E1 /* Project object */;
			proxyType = 1;
			remoteGlobalIDString = 3D29E14F218B2DE70090E9E1;
			remoteInfo = Weather;
		};
/* End PBXContainerItemProxy section */

/* Begin PBXFileReference section */
		3D061D762237DBA800BFBD4F /* WeatherTableViewCell.xib */ = {isa = PBXFileReference; lastKnownFileType = file.xib; path = WeatherTableViewCell.xib; sourceTree = "<group>"; };
		3D061D782237E07E00BFBD4F /* WeatherTableViewCell.swift */ = {isa = PBXFileReference; lastKnownFileType = sourcecode.swift; path = WeatherTableViewCell.swift; sourceTree = "<group>"; };
		3D29E150218B2DE70090E9E1 /* Weather.app */ = {isa = PBXFileReference; explicitFileType = wrapper.application; includeInIndex = 0; path = Weather.app; sourceTree = BUILT_PRODUCTS_DIR; };
		3D29E153218B2DE70090E9E1 /* AppDelegate.swift */ = {isa = PBXFileReference; lastKnownFileType = sourcecode.swift; path = AppDelegate.swift; sourceTree = "<group>"; };
		3D29E158218B2DE70090E9E1 /* Base */ = {isa = PBXFileReference; lastKnownFileType = file.storyboard; name = Base; path = Base.lproj/Main.storyboard; sourceTree = "<group>"; };
		3D29E15B218B2DE70090E9E1 /* Weather.xcdatamodel */ = {isa = PBXFileReference; lastKnownFileType = wrapper.xcdatamodel; path = Weather.xcdatamodel; sourceTree = "<group>"; };
		3D29E160218B2DE90090E9E1 /* Base */ = {isa = PBXFileReference; lastKnownFileType = file.storyboard; name = Base; path = Base.lproj/LaunchScreen.storyboard; sourceTree = "<group>"; };
		3D29E162218B2DE90090E9E1 /* Info.plist */ = {isa = PBXFileReference; lastKnownFileType = text.plist.xml; path = Info.plist; sourceTree = "<group>"; };
		3D2A72F921942D190093A93C /* Secret.swift */ = {isa = PBXFileReference; lastKnownFileType = sourcecode.swift; path = Secret.swift; sourceTree = "<group>"; };
		3D2A72FB219430850093A93C /* Weather.swift */ = {isa = PBXFileReference; lastKnownFileType = sourcecode.swift; path = Weather.swift; sourceTree = "<group>"; };
		3D2D0BC12242EF8D002E0097 /* LocationInteractor.swift */ = {isa = PBXFileReference; lastKnownFileType = sourcecode.swift; path = LocationInteractor.swift; sourceTree = "<group>"; };
		3D2D0BC62242FBE2002E0097 /* LocationPresenter.swift */ = {isa = PBXFileReference; lastKnownFileType = sourcecode.swift; path = LocationPresenter.swift; sourceTree = "<group>"; };
		3D2D0BCD22430099002E0097 /* LocationViewController.swift */ = {isa = PBXFileReference; lastKnownFileType = sourcecode.swift; path = LocationViewController.swift; sourceTree = "<group>"; };
		3D2D0BCF22430845002E0097 /* GeolocationService.swift */ = {isa = PBXFileReference; lastKnownFileType = sourcecode.swift; path = GeolocationService.swift; sourceTree = "<group>"; };
		3D34439922351997006A76EF /* Assets.xcassets */ = {isa = PBXFileReference; lastKnownFileType = folder.assetcatalog; path = Assets.xcassets; sourceTree = "<group>"; };
		3D34439B22354D58006A76EF /* WeatherCodes.swift */ = {isa = PBXFileReference; lastKnownFileType = sourcecode.swift; path = WeatherCodes.swift; sourceTree = "<group>"; };
		3D34439E22356121006A76EF /* StringExtension.swift */ = {isa = PBXFileReference; lastKnownFileType = sourcecode.swift; path = StringExtension.swift; sourceTree = "<group>"; };
		3D3443A022356948006A76EF /* IntExtension.swift */ = {isa = PBXFileReference; lastKnownFileType = sourcecode.swift; path = IntExtension.swift; sourceTree = "<group>"; };
		3D415AFD224401E3006B4CD5 /* WeatherViewController.swift */ = {isa = PBXFileReference; lastKnownFileType = sourcecode.swift; path = WeatherViewController.swift; sourceTree = "<group>"; };
		3D4304BB2333AFB700B9E4EC /* LocationPresenterFake.swift */ = {isa = PBXFileReference; lastKnownFileType = sourcecode.swift; path = LocationPresenterFake.swift; sourceTree = "<group>"; };
		3D8E874823297F4A00B96826 /* LocationViewControllerSegueMock.swift */ = {isa = PBXFileReference; lastKnownFileType = sourcecode.swift; path = LocationViewControllerSegueMock.swift; sourceTree = "<group>"; };
		3D8E874A23297F7000B96826 /* LocationRouterSpy.swift */ = {isa = PBXFileReference; lastKnownFileType = sourcecode.swift; path = LocationRouterSpy.swift; sourceTree = "<group>"; };
		3D8E874C23297FBB00B96826 /* LocationInteractorOutputSpy.swift */ = {isa = PBXFileReference; lastKnownFileType = sourcecode.swift; path = LocationInteractorOutputSpy.swift; sourceTree = "<group>"; };
		3D8E874E2329819700B96826 /* LocationPresenterTests.swift */ = {isa = PBXFileReference; lastKnownFileType = sourcecode.swift; path = LocationPresenterTests.swift; sourceTree = "<group>"; };
		3D8E87502329821200B96826 /* GeolocationServiceStub.swift */ = {isa = PBXFileReference; lastKnownFileType = sourcecode.swift; path = GeolocationServiceStub.swift; sourceTree = "<group>"; };
		3D94F5E02327ED76003C906B /* WeatherTests.xctest */ = {isa = PBXFileReference; explicitFileType = wrapper.cfbundle; includeInIndex = 0; path = WeatherTests.xctest; sourceTree = BUILT_PRODUCTS_DIR; };
		3D94F5E22327ED76003C906B /* LocationConfiguratorTests.swift */ = {isa = PBXFileReference; lastKnownFileType = sourcecode.swift; path = LocationConfiguratorTests.swift; sourceTree = "<group>"; };
		3D94F5E42327ED76003C906B /* Info.plist */ = {isa = PBXFileReference; lastKnownFileType = text.plist.xml; path = Info.plist; sourceTree = "<group>"; };
		3D9511A12333BF6A00E9417B /* AppStyleRepositoryStub.swift */ = {isa = PBXFileReference; lastKnownFileType = sourcecode.swift; path = AppStyleRepositoryStub.swift; sourceTree = "<group>"; };
		3D959134223DAA5600F5E61F /* ImageExtension.swift */ = {isa = PBXFileReference; lastKnownFileType = sourcecode.swift; path = ImageExtension.swift; sourceTree = "<group>"; };
		3DA907B323327E61003A0C7F /* WeatherInteractorOutputFake.swift */ = {isa = PBXFileReference; lastKnownFileType = sourcecode.swift; path = WeatherInteractorOutputFake.swift; sourceTree = "<group>"; };
		3DA907B52332A7CD003A0C7F /* WeatherInteractorOutputSpy.swift */ = {isa = PBXFileReference; lastKnownFileType = sourcecode.swift; path = WeatherInteractorOutputSpy.swift; sourceTree = "<group>"; };
		3DC0A23E22441B1500C85F83 /* LocationConfigurator.swift */ = {isa = PBXFileReference; lastKnownFileType = sourcecode.swift; path = LocationConfigurator.swift; sourceTree = "<group>"; };
		3DC0A24122441F6300C85F83 /* WeatherRouter.swift */ = {isa = PBXFileReference; lastKnownFileType = sourcecode.swift; path = WeatherRouter.swift; sourceTree = "<group>"; };
		3DC0A2432244259100C85F83 /* WeatherInteractor.swift */ = {isa = PBXFileReference; lastKnownFileType = sourcecode.swift; path = WeatherInteractor.swift; sourceTree = "<group>"; };
		3DC0A24922443E5100C85F83 /* KuranovSpinnerView.swift */ = {isa = PBXFileReference; lastKnownFileType = sourcecode.swift; path = KuranovSpinnerView.swift; sourceTree = "<group>"; };
		3DC0A24A22443E5100C85F83 /* KuranovSpinnerView.xib */ = {isa = PBXFileReference; lastKnownFileType = file.xib; path = KuranovSpinnerView.xib; sourceTree = "<group>"; };
		3DC0A24F22443F5900C85F83 /* DayForecastRouter.swift */ = {isa = PBXFileReference; lastKnownFileType = sourcecode.swift; path = DayForecastRouter.swift; sourceTree = "<group>"; };
		3DC0A253224442DE00C85F83 /* DayForecastPresenter.swift */ = {isa = PBXFileReference; lastKnownFileType = sourcecode.swift; path = DayForecastPresenter.swift; sourceTree = "<group>"; };
		3DC0A2692244540200C85F83 /* StylePresenter.swift */ = {isa = PBXFileReference; lastKnownFileType = sourcecode.swift; path = StylePresenter.swift; sourceTree = "<group>"; };
		3DC0A26F224457A300C85F83 /* StyleInteractor.swift */ = {isa = PBXFileReference; lastKnownFileType = sourcecode.swift; path = StyleInteractor.swift; sourceTree = "<group>"; };
		3DC0A272224458DD00C85F83 /* StyleRouter.swift */ = {isa = PBXFileReference; lastKnownFileType = sourcecode.swift; path = StyleRouter.swift; sourceTree = "<group>"; };
		3DD324A22239B66100735797 /* StyleTableViewController.swift */ = {isa = PBXFileReference; lastKnownFileType = sourcecode.swift; path = StyleTableViewController.swift; sourceTree = "<group>"; };
		3DD324A62239BF6A00735797 /* AppStyle.swift */ = {isa = PBXFileReference; lastKnownFileType = sourcecode.swift; path = AppStyle.swift; sourceTree = "<group>"; };
		3DD324A82239C1B200735797 /* AppStyleRepository.swift */ = {isa = PBXFileReference; lastKnownFileType = sourcecode.swift; path = AppStyleRepository.swift; sourceTree = "<group>"; };
		3DD3BB4B224404F4002C7F4B /* NavigationBarColor.swift */ = {isa = PBXFileReference; lastKnownFileType = sourcecode.swift; path = NavigationBarColor.swift; sourceTree = "<group>"; };
		3DD3BB4D22440C0B002C7F4B /* WeatherItem.swift */ = {isa = PBXFileReference; lastKnownFileType = sourcecode.swift; path = WeatherItem.swift; sourceTree = "<group>"; };
		3DD3BB4F22441300002C7F4B /* WeatherPresenter.swift */ = {isa = PBXFileReference; lastKnownFileType = sourcecode.swift; path = WeatherPresenter.swift; sourceTree = "<group>"; };
		3DD3BB52224413E9002C7F4B /* LocationRouter.swift */ = {isa = PBXFileReference; lastKnownFileType = sourcecode.swift; path = LocationRouter.swift; sourceTree = "<group>"; };
		3DD6DB472236A043000EF8D8 /* DayForecastViewController.swift */ = {isa = PBXFileReference; lastKnownFileType = sourcecode.swift; path = DayForecastViewController.swift; sourceTree = "<group>"; };
		3DD6DB492236A85A000EF8D8 /* HourBinView.xib */ = {isa = PBXFileReference; lastKnownFileType = file.xib; path = HourBinView.xib; sourceTree = "<group>"; };
		3DD6DB4B2236A94B000EF8D8 /* HourBinView.swift */ = {isa = PBXFileReference; lastKnownFileType = sourcecode.swift; path = HourBinView.swift; sourceTree = "<group>"; };
		3DD6DB4D2236C8AC000EF8D8 /* VerticalTemperatureIndicator.swift */ = {isa = PBXFileReference; lastKnownFileType = sourcecode.swift; path = VerticalTemperatureIndicator.swift; sourceTree = "<group>"; };
		3DDC665F232FF9DE00D99A81 /* WeatherViewControllerMock.swift */ = {isa = PBXFileReference; fileEncoding = 4; lastKnownFileType = sourcecode.swift; path = WeatherViewControllerMock.swift; sourceTree = "<group>"; };
		3DDC6661232FF9EF00D99A81 /* WeatherRouterTests.swift */ = {isa = PBXFileReference; fileEncoding = 4; lastKnownFileType = sourcecode.swift; path = WeatherRouterTests.swift; sourceTree = "<group>"; };
		3DDC6662232FF9EF00D99A81 /* WeatherConfiguratorTests.swift */ = {isa = PBXFileReference; fileEncoding = 4; lastKnownFileType = sourcecode.swift; path = WeatherConfiguratorTests.swift; sourceTree = "<group>"; };
		3DDC6663232FF9EF00D99A81 /* WeatherInteractorTests.swift */ = {isa = PBXFileReference; fileEncoding = 4; lastKnownFileType = sourcecode.swift; path = WeatherInteractorTests.swift; sourceTree = "<group>"; };
		3DDC66692331820E00D99A81 /* LocationViewTests.swift */ = {isa = PBXFileReference; lastKnownFileType = sourcecode.swift; path = LocationViewTests.swift; sourceTree = "<group>"; };
		3DDC666D23318A0100D99A81 /* TestService.swift */ = {isa = PBXFileReference; lastKnownFileType = sourcecode.swift; path = TestService.swift; sourceTree = "<group>"; };
		3DDC666F23318CF400D99A81 /* WeatherViewTests.swift */ = {isa = PBXFileReference; lastKnownFileType = sourcecode.swift; path = WeatherViewTests.swift; sourceTree = "<group>"; };
		3DDC667123318D3300D99A81 /* WeatherRouterSegueMock.swift */ = {isa = PBXFileReference; lastKnownFileType = sourcecode.swift; path = WeatherRouterSegueMock.swift; sourceTree = "<group>"; };
		3DF0F41221A6DE9800685E15 /* RawWeatherInfo.swift */ = {isa = PBXFileReference; lastKnownFileType = sourcecode.swift; path = RawWeatherInfo.swift; sourceTree = "<group>"; };
		3DF0F41421A6DEBA00685E15 /* Forecast.swift */ = {isa = PBXFileReference; lastKnownFileType = sourcecode.swift; path = Forecast.swift; sourceTree = "<group>"; };
		3DF0F41621A6EBB200685E15 /* DateExtension.swift */ = {isa = PBXFileReference; lastKnownFileType = sourcecode.swift; path = DateExtension.swift; sourceTree = "<group>"; };
		5660980FFC05E31BDE010073 /* Pods_Weather.framework */ = {isa = PBXFileReference; explicitFileType = wrapper.framework; includeInIndex = 0; path = Pods_Weather.framework; sourceTree = BUILT_PRODUCTS_DIR; };
		751D301922D47EF4003999F6 /* WeatherConfigurator.swift */ = {isa = PBXFileReference; lastKnownFileType = sourcecode.swift; path = WeatherConfigurator.swift; sourceTree = "<group>"; };
		751D301B22D481AE003999F6 /* DayForecastConfigurator.swift */ = {isa = PBXFileReference; lastKnownFileType = sourcecode.swift; path = DayForecastConfigurator.swift; sourceTree = "<group>"; };
		751D301D22D4876C003999F6 /* StyleConfigurator.swift */ = {isa = PBXFileReference; lastKnownFileType = sourcecode.swift; path = StyleConfigurator.swift; sourceTree = "<group>"; };
		753FECC02322527B00AE50F1 /* WeatherRepository.swift */ = {isa = PBXFileReference; lastKnownFileType = sourcecode.swift; path = WeatherRepository.swift; sourceTree = "<group>"; };
		753FECC22322539E00AE50F1 /* ReactiveRequest.swift */ = {isa = PBXFileReference; lastKnownFileType = sourcecode.swift; path = ReactiveRequest.swift; sourceTree = "<group>"; };
		753FECC423225E9D00AE50F1 /* CityRepository.swift */ = {isa = PBXFileReference; lastKnownFileType = sourcecode.swift; path = CityRepository.swift; sourceTree = "<group>"; };
		755A0F2F232A35F100C7C1DF /* LocationViewFake.swift */ = {isa = PBXFileReference; lastKnownFileType = sourcecode.swift; path = LocationViewFake.swift; sourceTree = "<group>"; };
		755A0F31232A37DC00C7C1DF /* WeatherRepositorySpy.swift */ = {isa = PBXFileReference; lastKnownFileType = sourcecode.swift; path = WeatherRepositorySpy.swift; sourceTree = "<group>"; };
		757187812334F27E00C0E7AD /* DayForecastInteractor.swift */ = {isa = PBXFileReference; lastKnownFileType = sourcecode.swift; path = DayForecastInteractor.swift; sourceTree = "<group>"; };
		757187842334F40E00C0E7AD /* DayForecastConfiguratorTests.swift */ = {isa = PBXFileReference; lastKnownFileType = sourcecode.swift; path = DayForecastConfiguratorTests.swift; sourceTree = "<group>"; };
		757187862335074700C0E7AD /* DayForecastInteractorTests.swift */ = {isa = PBXFileReference; lastKnownFileType = sourcecode.swift; path = DayForecastInteractorTests.swift; sourceTree = "<group>"; };
		757187892335081C00C0E7AD /* DayForecastInteractorOutputSpy.swift */ = {isa = PBXFileReference; lastKnownFileType = sourcecode.swift; path = DayForecastInteractorOutputSpy.swift; sourceTree = "<group>"; };
		7571878B2335119800C0E7AD /* DayForecastPresenterTests.swift */ = {isa = PBXFileReference; lastKnownFileType = sourcecode.swift; path = DayForecastPresenterTests.swift; sourceTree = "<group>"; };
		7571878D233511EB00C0E7AD /* DayForecastInteractorySpy.swift */ = {isa = PBXFileReference; lastKnownFileType = sourcecode.swift; path = DayForecastInteractorySpy.swift; sourceTree = "<group>"; };
		7571878F233512C200C0E7AD /* DayForecastViewFake.swift */ = {isa = PBXFileReference; lastKnownFileType = sourcecode.swift; path = DayForecastViewFake.swift; sourceTree = "<group>"; };
		757187912335142A00C0E7AD /* DayForecastInteractorFake.swift */ = {isa = PBXFileReference; lastKnownFileType = sourcecode.swift; path = DayForecastInteractorFake.swift; sourceTree = "<group>"; };
		757187932335146E00C0E7AD /* DayForecastViewSpy.swift */ = {isa = PBXFileReference; lastKnownFileType = sourcecode.swift; path = DayForecastViewSpy.swift; sourceTree = "<group>"; };
		757187952335198800C0E7AD /* DayForecastRouterTests.swift */ = {isa = PBXFileReference; lastKnownFileType = sourcecode.swift; path = DayForecastRouterTests.swift; sourceTree = "<group>"; };
		75718797233519FB00C0E7AD /* DayForecastPresenterSpy.swift */ = {isa = PBXFileReference; lastKnownFileType = sourcecode.swift; path = DayForecastPresenterSpy.swift; sourceTree = "<group>"; };
		7571879923351ADE00C0E7AD /* DayForecastRouterSpy.swift */ = {isa = PBXFileReference; lastKnownFileType = sourcecode.swift; path = DayForecastRouterSpy.swift; sourceTree = "<group>"; };
		758EB961232B9B410063DC17 /* LocationViewSpy.swift */ = {isa = PBXFileReference; lastKnownFileType = sourcecode.swift; path = LocationViewSpy.swift; sourceTree = "<group>"; };
		758EB963232B9BCE0063DC17 /* LocationInteractorFake.swift */ = {isa = PBXFileReference; lastKnownFileType = sourcecode.swift; path = LocationInteractorFake.swift; sourceTree = "<group>"; };
		758EB965232BAB080063DC17 /* CityRepositoryFake.swift */ = {isa = PBXFileReference; lastKnownFileType = sourcecode.swift; path = CityRepositoryFake.swift; sourceTree = "<group>"; };
		758EB967232BB3820063DC17 /* CitiesBaseRepositoryStub.swift */ = {isa = PBXFileReference; lastKnownFileType = sourcecode.swift; path = CitiesBaseRepositoryStub.swift; sourceTree = "<group>"; };
		758EB969232BB5E30063DC17 /* LocationRouterFake.swift */ = {isa = PBXFileReference; lastKnownFileType = sourcecode.swift; path = LocationRouterFake.swift; sourceTree = "<group>"; };
		75A605D12328EE430007C5B7 /* StoryboardView.swift */ = {isa = PBXFileReference; lastKnownFileType = sourcecode.swift; path = StoryboardView.swift; sourceTree = "<group>"; };
		75A605D52328FBB70007C5B7 /* LocationRoutingTests.swift */ = {isa = PBXFileReference; lastKnownFileType = sourcecode.swift; path = LocationRoutingTests.swift; sourceTree = "<group>"; };
		75A605D723290A900007C5B7 /* LocationInteractorTests.swift */ = {isa = PBXFileReference; lastKnownFileType = sourcecode.swift; path = LocationInteractorTests.swift; sourceTree = "<group>"; };
		75A605D923290B200007C5B7 /* LocationInteractorSpy.swift */ = {isa = PBXFileReference; lastKnownFileType = sourcecode.swift; path = LocationInteractorSpy.swift; sourceTree = "<group>"; };
		75A605DB232913250007C5B7 /* CityRepositoryStub.swift */ = {isa = PBXFileReference; lastKnownFileType = sourcecode.swift; path = CityRepositoryStub.swift; sourceTree = "<group>"; };
		75B5C727231FA11600B60BBA /* CitiesBaseRepository.swift */ = {isa = PBXFileReference; lastKnownFileType = sourcecode.swift; path = CitiesBaseRepository.swift; sourceTree = "<group>"; };
		75B5C729231FA13900B60BBA /* CsvReader.swift */ = {isa = PBXFileReference; lastKnownFileType = sourcecode.swift; path = CsvReader.swift; sourceTree = "<group>"; };
		75B5C72B231FA15700B60BBA /* geo.csv */ = {isa = PBXFileReference; fileEncoding = 4; lastKnownFileType = text; path = geo.csv; sourceTree = "<group>"; };
		77EEA8FFBF16C3727C6E201B /* Pods-Weather.release.xcconfig */ = {isa = PBXFileReference; includeInIndex = 1; lastKnownFileType = text.xcconfig; name = "Pods-Weather.release.xcconfig"; path = "Target Support Files/Pods-Weather/Pods-Weather.release.xcconfig"; sourceTree = "<group>"; };
		A9B3D47542C16BC97E299126 /* Pods_WeatherTests.framework */ = {isa = PBXFileReference; explicitFileType = wrapper.framework; includeInIndex = 0; path = Pods_WeatherTests.framework; sourceTree = BUILT_PRODUCTS_DIR; };
		ACDA671CC2182B861606C6B0 /* Pods-WeatherTests.release.xcconfig */ = {isa = PBXFileReference; includeInIndex = 1; lastKnownFileType = text.xcconfig; name = "Pods-WeatherTests.release.xcconfig"; path = "Target Support Files/Pods-WeatherTests/Pods-WeatherTests.release.xcconfig"; sourceTree = "<group>"; };
		E457D9941078047C2948D4B5 /* Pods-WeatherTests.debug.xcconfig */ = {isa = PBXFileReference; includeInIndex = 1; lastKnownFileType = text.xcconfig; name = "Pods-WeatherTests.debug.xcconfig"; path = "Target Support Files/Pods-WeatherTests/Pods-WeatherTests.debug.xcconfig"; sourceTree = "<group>"; };
		FB58E174475E8A430E3C9B33 /* Pods-Weather.debug.xcconfig */ = {isa = PBXFileReference; includeInIndex = 1; lastKnownFileType = text.xcconfig; name = "Pods-Weather.debug.xcconfig"; path = "Target Support Files/Pods-Weather/Pods-Weather.debug.xcconfig"; sourceTree = "<group>"; };
/* End PBXFileReference section */

/* Begin PBXFrameworksBuildPhase section */
		3D29E14D218B2DE70090E9E1 /* Frameworks */ = {
			isa = PBXFrameworksBuildPhase;
			buildActionMask = 2147483647;
			files = (
				EC1F1B1035F34EBF73200B6C /* Pods_Weather.framework in Frameworks */,
			);
			runOnlyForDeploymentPostprocessing = 0;
		};
		3D94F5DD2327ED75003C906B /* Frameworks */ = {
			isa = PBXFrameworksBuildPhase;
			buildActionMask = 2147483647;
			files = (
				B1ACA11E309D15EF37FF03D2 /* Pods_WeatherTests.framework in Frameworks */,
			);
			runOnlyForDeploymentPostprocessing = 0;
		};
/* End PBXFrameworksBuildPhase section */

/* Begin PBXGroup section */
		3D0D194D23280186008008A2 /* Location */ = {
			isa = PBXGroup;
			children = (
				3D8E874723297EF500B96826 /* Doubles */,
				3D94F5E22327ED76003C906B /* LocationConfiguratorTests.swift */,
				75A605D52328FBB70007C5B7 /* LocationRoutingTests.swift */,
				75A605D723290A900007C5B7 /* LocationInteractorTests.swift */,
				3D8E874E2329819700B96826 /* LocationPresenterTests.swift */,
				3DDC66692331820E00D99A81 /* LocationViewTests.swift */,
			);
			path = Location;
			sourceTree = "<group>";
		};
		3D29E147218B2DE70090E9E1 = {
			isa = PBXGroup;
			children = (
				3D29E152218B2DE70090E9E1 /* Weather */,
				3D94F5E12327ED76003C906B /* WeatherTests */,
				3D29E151218B2DE70090E9E1 /* Products */,
				4A56CFADAFF543D516854F25 /* Pods */,
				C5147461BB30B16E606FA0AE /* Frameworks */,
			);
			sourceTree = "<group>";
		};
		3D29E151218B2DE70090E9E1 /* Products */ = {
			isa = PBXGroup;
			children = (
				3D29E150218B2DE70090E9E1 /* Weather.app */,
				3D94F5E02327ED76003C906B /* WeatherTests.xctest */,
			);
			name = Products;
			sourceTree = "<group>";
		};
		3D29E152218B2DE70090E9E1 /* Weather */ = {
			isa = PBXGroup;
			children = (
				3D2D0BB72242D285002E0097 /* Shared */,
				3D2D0BBF2242EE6C002E0097 /* Modules */,
				3D34439922351997006A76EF /* Assets.xcassets */,
				3D29E153218B2DE70090E9E1 /* AppDelegate.swift */,
				3D29E157218B2DE70090E9E1 /* Main.storyboard */,
				3D29E15F218B2DE90090E9E1 /* LaunchScreen.storyboard */,
				75B5C72B231FA15700B60BBA /* geo.csv */,
				3D29E162218B2DE90090E9E1 /* Info.plist */,
				3D29E15A218B2DE70090E9E1 /* Weather.xcdatamodeld */,
			);
			path = Weather;
			sourceTree = "<group>";
		};
		3D2D0BB72242D285002E0097 /* Shared */ = {
			isa = PBXGroup;
			children = (
				75B5C726231FA0FE00B60BBA /* Repository */,
				3DC0A24C22443E7100C85F83 /* Extensions */,
				3D2D0BB92242D3B2002E0097 /* Service */,
				3D2D0BB82242D29F002E0097 /* Entity */,
			);
			path = Shared;
			sourceTree = "<group>";
		};
		3D2D0BB82242D29F002E0097 /* Entity */ = {
			isa = PBXGroup;
			children = (
				3DD324A62239BF6A00735797 /* AppStyle.swift */,
				3DF0F41221A6DE9800685E15 /* RawWeatherInfo.swift */,
				3D34439B22354D58006A76EF /* WeatherCodes.swift */,
				3DD3BB4D22440C0B002C7F4B /* WeatherItem.swift */,
				3DF0F41421A6DEBA00685E15 /* Forecast.swift */,
				3D2A72FB219430850093A93C /* Weather.swift */,
			);
			path = Entity;
			sourceTree = "<group>";
		};
		3D2D0BB92242D3B2002E0097 /* Service */ = {
			isa = PBXGroup;
			children = (
				3D2A72F921942D190093A93C /* Secret.swift */,
				3D2D0BCF22430845002E0097 /* GeolocationService.swift */,
				75B5C729231FA13900B60BBA /* CsvReader.swift */,
				753FECC22322539E00AE50F1 /* ReactiveRequest.swift */,
				3DDC666D23318A0100D99A81 /* TestService.swift */,
			);
			path = Service;
			sourceTree = "<group>";
		};
		3D2D0BBE2242EE60002E0097 /* Location */ = {
			isa = PBXGroup;
			children = (
				3DD3BB51224413D9002C7F4B /* Wireframe */,
				3D2D0BC82242FC30002E0097 /* View */,
				3D2D0BC52242FBA9002E0097 /* Presenter */,
				3D2D0BC02242EF64002E0097 /* Interactor */,
			);
			path = Location;
			sourceTree = "<group>";
		};
		3D2D0BBF2242EE6C002E0097 /* Modules */ = {
			isa = PBXGroup;
			children = (
				3DC0A2602244537B00C85F83 /* Style */,
				3D2D0BD122431951002E0097 /* Weather */,
				3D2D0BBE2242EE60002E0097 /* Location */,
			);
			path = Modules;
			sourceTree = "<group>";
		};
		3D2D0BC02242EF64002E0097 /* Interactor */ = {
			isa = PBXGroup;
			children = (
				3D2D0BC12242EF8D002E0097 /* LocationInteractor.swift */,
			);
			path = Interactor;
			sourceTree = "<group>";
		};
		3D2D0BC52242FBA9002E0097 /* Presenter */ = {
			isa = PBXGroup;
			children = (
				3D2D0BC62242FBE2002E0097 /* LocationPresenter.swift */,
			);
			path = Presenter;
			sourceTree = "<group>";
		};
		3D2D0BC82242FC30002E0097 /* View */ = {
			isa = PBXGroup;
			children = (
				3D2D0BCD22430099002E0097 /* LocationViewController.swift */,
			);
			path = View;
			sourceTree = "<group>";
		};
		3D2D0BD122431951002E0097 /* Weather */ = {
			isa = PBXGroup;
			children = (
				3DC0A24D22443F2F00C85F83 /* DayForecast */,
				3DC0A24022441F4D00C85F83 /* Wireframe */,
				3D2D0BD822431ABA002E0097 /* View */,
				3D2D0BD522431A3C002E0097 /* Presenter */,
				3D2D0BD22243199A002E0097 /* Interactor */,
			);
			path = Weather;
			sourceTree = "<group>";
		};
		3D2D0BD22243199A002E0097 /* Interactor */ = {
			isa = PBXGroup;
			children = (
				3DC0A2432244259100C85F83 /* WeatherInteractor.swift */,
			);
			path = Interactor;
			sourceTree = "<group>";
		};
		3D2D0BD522431A3C002E0097 /* Presenter */ = {
			isa = PBXGroup;
			children = (
				3DD3BB4F22441300002C7F4B /* WeatherPresenter.swift */,
			);
			path = Presenter;
			sourceTree = "<group>";
		};
		3D2D0BD822431ABA002E0097 /* View */ = {
			isa = PBXGroup;
			children = (
				3DC0A24922443E5100C85F83 /* KuranovSpinnerView.swift */,
				3DC0A24A22443E5100C85F83 /* KuranovSpinnerView.xib */,
				3D061D762237DBA800BFBD4F /* WeatherTableViewCell.xib */,
				3D061D782237E07E00BFBD4F /* WeatherTableViewCell.swift */,
				3D415AFD224401E3006B4CD5 /* WeatherViewController.swift */,
				3DD3BB4B224404F4002C7F4B /* NavigationBarColor.swift */,
			);
			path = View;
			sourceTree = "<group>";
		};
		3D8E874723297EF500B96826 /* Doubles */ = {
			isa = PBXGroup;
			children = (
				75A605D923290B200007C5B7 /* LocationInteractorSpy.swift */,
				3D8E874823297F4A00B96826 /* LocationViewControllerSegueMock.swift */,
				3D8E874A23297F7000B96826 /* LocationRouterSpy.swift */,
				3D8E874C23297FBB00B96826 /* LocationInteractorOutputSpy.swift */,
				755A0F2F232A35F100C7C1DF /* LocationViewFake.swift */,
				758EB961232B9B410063DC17 /* LocationViewSpy.swift */,
				758EB963232B9BCE0063DC17 /* LocationInteractorFake.swift */,
				3D4304BB2333AFB700B9E4EC /* LocationPresenterFake.swift */,
			);
			path = Doubles;
			sourceTree = "<group>";
		};
		3D94F5E12327ED76003C906B /* WeatherTests */ = {
			isa = PBXGroup;
			children = (
				755A0F3A232B7FB400C7C1DF /* Shared */,
				3DDC6655232FF95E00D99A81 /* Weather */,
				3D0D194D23280186008008A2 /* Location */,
				3D94F5E42327ED76003C906B /* Info.plist */,
			);
			path = WeatherTests;
			sourceTree = "<group>";
		};
		3DC0A24022441F4D00C85F83 /* Wireframe */ = {
			isa = PBXGroup;
			children = (
				3DC0A24122441F6300C85F83 /* WeatherRouter.swift */,
				751D301922D47EF4003999F6 /* WeatherConfigurator.swift */,
			);
			path = Wireframe;
			sourceTree = "<group>";
		};
		3DC0A24C22443E7100C85F83 /* Extensions */ = {
			isa = PBXGroup;
			children = (
				3DF0F41621A6EBB200685E15 /* DateExtension.swift */,
				3D34439E22356121006A76EF /* StringExtension.swift */,
				3D3443A022356948006A76EF /* IntExtension.swift */,
				3D959134223DAA5600F5E61F /* ImageExtension.swift */,
			);
			path = Extensions;
			sourceTree = "<group>";
		};
		3DC0A24D22443F2F00C85F83 /* DayForecast */ = {
			isa = PBXGroup;
			children = (
				757187802334F26D00C0E7AD /* Interactor */,
				3DC0A252224442CE00C85F83 /* Presenter */,
				3DC0A251224441FB00C85F83 /* View */,
				3DC0A24E22443F4900C85F83 /* Wireframe */,
			);
			path = DayForecast;
			sourceTree = "<group>";
		};
		3DC0A24E22443F4900C85F83 /* Wireframe */ = {
			isa = PBXGroup;
			children = (
				3DC0A24F22443F5900C85F83 /* DayForecastRouter.swift */,
				751D301B22D481AE003999F6 /* DayForecastConfigurator.swift */,
			);
			path = Wireframe;
			sourceTree = "<group>";
		};
		3DC0A251224441FB00C85F83 /* View */ = {
			isa = PBXGroup;
			children = (
				3DD6DB4D2236C8AC000EF8D8 /* VerticalTemperatureIndicator.swift */,
				3DD6DB4B2236A94B000EF8D8 /* HourBinView.swift */,
				3DD6DB492236A85A000EF8D8 /* HourBinView.xib */,
				3DD6DB472236A043000EF8D8 /* DayForecastViewController.swift */,
			);
			path = View;
			sourceTree = "<group>";
		};
		3DC0A252224442CE00C85F83 /* Presenter */ = {
			isa = PBXGroup;
			children = (
				3DC0A253224442DE00C85F83 /* DayForecastPresenter.swift */,
			);
			path = Presenter;
			sourceTree = "<group>";
		};
		3DC0A2602244537B00C85F83 /* Style */ = {
			isa = PBXGroup;
			children = (
				3DC0A271224458CC00C85F83 /* Wireframe */,
				3DC0A266224453B000C85F83 /* Interactor */,
				3DC0A265224453AB00C85F83 /* Presenter */,
				3DC0A2612244538F00C85F83 /* View */,
			);
			path = Style;
			sourceTree = "<group>";
		};
		3DC0A2612244538F00C85F83 /* View */ = {
			isa = PBXGroup;
			children = (
				3DD324A22239B66100735797 /* StyleTableViewController.swift */,
			);
			path = View;
			sourceTree = "<group>";
		};
		3DC0A265224453AB00C85F83 /* Presenter */ = {
			isa = PBXGroup;
			children = (
				3DC0A2692244540200C85F83 /* StylePresenter.swift */,
			);
			path = Presenter;
			sourceTree = "<group>";
		};
		3DC0A266224453B000C85F83 /* Interactor */ = {
			isa = PBXGroup;
			children = (
				3DC0A26F224457A300C85F83 /* StyleInteractor.swift */,
			);
			path = Interactor;
			sourceTree = "<group>";
		};
		3DC0A271224458CC00C85F83 /* Wireframe */ = {
			isa = PBXGroup;
			children = (
				3DC0A272224458DD00C85F83 /* StyleRouter.swift */,
				751D301D22D4876C003999F6 /* StyleConfigurator.swift */,
			);
			path = Wireframe;
			sourceTree = "<group>";
		};
		3DD3BB51224413D9002C7F4B /* Wireframe */ = {
			isa = PBXGroup;
			children = (
				3DD3BB52224413E9002C7F4B /* LocationRouter.swift */,
				3DC0A23E22441B1500C85F83 /* LocationConfigurator.swift */,
			);
			path = Wireframe;
			sourceTree = "<group>";
		};
		3DDC6655232FF95E00D99A81 /* Weather */ = {
			isa = PBXGroup;
			children = (
				757187832334F3F200C0E7AD /* DayForecast */,
				3DDC665C232FF98500D99A81 /* Doubles */,
				3DDC6662232FF9EF00D99A81 /* WeatherConfiguratorTests.swift */,
				3DDC6663232FF9EF00D99A81 /* WeatherInteractorTests.swift */,
				3DDC6661232FF9EF00D99A81 /* WeatherRouterTests.swift */,
				3DDC666F23318CF400D99A81 /* WeatherViewTests.swift */,
			);
			path = Weather;
			sourceTree = "<group>";
		};
		3DDC665C232FF98500D99A81 /* Doubles */ = {
			isa = PBXGroup;
			children = (
				3DDC665F232FF9DE00D99A81 /* WeatherViewControllerMock.swift */,
				3DDC667123318D3300D99A81 /* WeatherRouterSegueMock.swift */,
				3DA907B323327E61003A0C7F /* WeatherInteractorOutputFake.swift */,
				3DA907B52332A7CD003A0C7F /* WeatherInteractorOutputSpy.swift */,
			);
			path = Doubles;
			sourceTree = "<group>";
		};
		4A56CFADAFF543D516854F25 /* Pods */ = {
			isa = PBXGroup;
			children = (
				FB58E174475E8A430E3C9B33 /* Pods-Weather.debug.xcconfig */,
				77EEA8FFBF16C3727C6E201B /* Pods-Weather.release.xcconfig */,
				E457D9941078047C2948D4B5 /* Pods-WeatherTests.debug.xcconfig */,
				ACDA671CC2182B861606C6B0 /* Pods-WeatherTests.release.xcconfig */,
			);
			path = Pods;
			sourceTree = "<group>";
		};
		755A0F3A232B7FB400C7C1DF /* Shared */ = {
			isa = PBXGroup;
			children = (
				758EB95E232B7FD70063DC17 /* Doubles */,
				75A605D12328EE430007C5B7 /* StoryboardView.swift */,
			);
			path = Shared;
			sourceTree = "<group>";
		};
		757187802334F26D00C0E7AD /* Interactor */ = {
			isa = PBXGroup;
			children = (
				757187812334F27E00C0E7AD /* DayForecastInteractor.swift */,
			);
			path = Interactor;
			sourceTree = "<group>";
		};
		757187832334F3F200C0E7AD /* DayForecast */ = {
			isa = PBXGroup;
			children = (
				757187882335080A00C0E7AD /* Doubles */,
				757187842334F40E00C0E7AD /* DayForecastConfiguratorTests.swift */,
				757187952335198800C0E7AD /* DayForecastRouterTests.swift */,
				7571878B2335119800C0E7AD /* DayForecastPresenterTests.swift */,
				757187862335074700C0E7AD /* DayForecastInteractorTests.swift */,
			);
			path = DayForecast;
			sourceTree = "<group>";
		};
		757187882335080A00C0E7AD /* Doubles */ = {
			isa = PBXGroup;
			children = (
				757187892335081C00C0E7AD /* DayForecastInteractorOutputSpy.swift */,
				7571878D233511EB00C0E7AD /* DayForecastInteractorySpy.swift */,
				7571878F233512C200C0E7AD /* DayForecastViewFake.swift */,
				757187912335142A00C0E7AD /* DayForecastInteractorFake.swift */,
				7571879923351ADE00C0E7AD /* DayForecastRouterSpy.swift */,
				757187932335146E00C0E7AD /* DayForecastViewSpy.swift */,
				75718797233519FB00C0E7AD /* DayForecastPresenterSpy.swift */,
			);
			path = Doubles;
			sourceTree = "<group>";
		};
		758EB95E232B7FD70063DC17 /* Doubles */ = {
			isa = PBXGroup;
			children = (
				75A605DB232913250007C5B7 /* CityRepositoryStub.swift */,
				3D8E87502329821200B96826 /* GeolocationServiceStub.swift */,
				755A0F31232A37DC00C7C1DF /* WeatherRepositorySpy.swift */,
				758EB965232BAB080063DC17 /* CityRepositoryFake.swift */,
				758EB967232BB3820063DC17 /* CitiesBaseRepositoryStub.swift */,
				758EB969232BB5E30063DC17 /* LocationRouterFake.swift */,
				3D9511A12333BF6A00E9417B /* AppStyleRepositoryStub.swift */,
			);
			path = Doubles;
			sourceTree = "<group>";
		};
		75B5C726231FA0FE00B60BBA /* Repository */ = {
			isa = PBXGroup;
			children = (
				3DD324A82239C1B200735797 /* AppStyleRepository.swift */,
				75B5C727231FA11600B60BBA /* CitiesBaseRepository.swift */,
				753FECC02322527B00AE50F1 /* WeatherRepository.swift */,
				753FECC423225E9D00AE50F1 /* CityRepository.swift */,
			);
			path = Repository;
			sourceTree = "<group>";
		};
		C5147461BB30B16E606FA0AE /* Frameworks */ = {
			isa = PBXGroup;
			children = (
				5660980FFC05E31BDE010073 /* Pods_Weather.framework */,
				A9B3D47542C16BC97E299126 /* Pods_WeatherTests.framework */,
			);
			name = Frameworks;
			sourceTree = "<group>";
		};
/* End PBXGroup section */

/* Begin PBXNativeTarget section */
		3D29E14F218B2DE70090E9E1 /* Weather */ = {
			isa = PBXNativeTarget;
			buildConfigurationList = 3D29E165218B2DE90090E9E1 /* Build configuration list for PBXNativeTarget "Weather" */;
			buildPhases = (
				3250786DC2256073959D515B /* [CP] Check Pods Manifest.lock */,
				3D29E14C218B2DE70090E9E1 /* Sources */,
				3D29E14D218B2DE70090E9E1 /* Frameworks */,
				3D29E14E218B2DE70090E9E1 /* Resources */,
				EEE940F2A1B72F7790BD6CB7 /* [CP] Embed Pods Frameworks */,
			);
			buildRules = (
			);
			dependencies = (
			);
			name = Weather;
			productName = Weather;
			productReference = 3D29E150218B2DE70090E9E1 /* Weather.app */;
			productType = "com.apple.product-type.application";
		};
		3D94F5DF2327ED75003C906B /* WeatherTests */ = {
			isa = PBXNativeTarget;
			buildConfigurationList = 3D94F5E92327ED76003C906B /* Build configuration list for PBXNativeTarget "WeatherTests" */;
			buildPhases = (
				C8692FCD36E301DF2204AD93 /* [CP] Check Pods Manifest.lock */,
				3D94F5DC2327ED75003C906B /* Sources */,
				3D94F5DD2327ED75003C906B /* Frameworks */,
				3D94F5DE2327ED75003C906B /* Resources */,
				CCB26CC6F91D538131D4FAC5 /* [CP] Embed Pods Frameworks */,
			);
			buildRules = (
			);
			dependencies = (
				3D94F5E62327ED76003C906B /* PBXTargetDependency */,
			);
			name = WeatherTests;
			productName = WeatherTests;
			productReference = 3D94F5E02327ED76003C906B /* WeatherTests.xctest */;
			productType = "com.apple.product-type.bundle.unit-test";
		};
/* End PBXNativeTarget section */

/* Begin PBXProject section */
		3D29E148218B2DE70090E9E1 /* Project object */ = {
			isa = PBXProject;
			attributes = {
				LastSwiftUpdateCheck = 1020;
				LastUpgradeCheck = 1000;
				ORGANIZATIONNAME = Codezavod;
				TargetAttributes = {
					3D29E14F218B2DE70090E9E1 = {
						CreatedOnToolsVersion = 10.0;
					};
					3D94F5DF2327ED75003C906B = {
						CreatedOnToolsVersion = 10.2;
						TestTargetID = 3D29E14F218B2DE70090E9E1;
					};
				};
			};
			buildConfigurationList = 3D29E14B218B2DE70090E9E1 /* Build configuration list for PBXProject "Weather" */;
			compatibilityVersion = "Xcode 9.3";
			developmentRegion = en;
			hasScannedForEncodings = 0;
			knownRegions = (
				en,
				Base,
			);
			mainGroup = 3D29E147218B2DE70090E9E1;
			productRefGroup = 3D29E151218B2DE70090E9E1 /* Products */;
			projectDirPath = "";
			projectRoot = "";
			targets = (
				3D29E14F218B2DE70090E9E1 /* Weather */,
				3D94F5DF2327ED75003C906B /* WeatherTests */,
			);
		};
/* End PBXProject section */

/* Begin PBXResourcesBuildPhase section */
		3D29E14E218B2DE70090E9E1 /* Resources */ = {
			isa = PBXResourcesBuildPhase;
			buildActionMask = 2147483647;
			files = (
				3D061D772237DBA800BFBD4F /* WeatherTableViewCell.xib in Resources */,
				75B5C72C231FA15700B60BBA /* geo.csv in Resources */,
				3D29E161218B2DE90090E9E1 /* LaunchScreen.storyboard in Resources */,
				3D34439A22351997006A76EF /* Assets.xcassets in Resources */,
				3DC0A27622446C5500C85F83 /* KuranovSpinnerView.xib in Resources */,
				3DD6DB4A2236A85A000EF8D8 /* HourBinView.xib in Resources */,
				3D29E159218B2DE70090E9E1 /* Main.storyboard in Resources */,
			);
			runOnlyForDeploymentPostprocessing = 0;
		};
		3D94F5DE2327ED75003C906B /* Resources */ = {
			isa = PBXResourcesBuildPhase;
			buildActionMask = 2147483647;
			files = (
				3D94F5EC2327FD8F003C906B /* Main.storyboard in Resources */,
			);
			runOnlyForDeploymentPostprocessing = 0;
		};
/* End PBXResourcesBuildPhase section */

/* Begin PBXShellScriptBuildPhase section */
		3250786DC2256073959D515B /* [CP] Check Pods Manifest.lock */ = {
			isa = PBXShellScriptBuildPhase;
			buildActionMask = 2147483647;
			files = (
			);
			inputFileListPaths = (
			);
			inputPaths = (
				"${PODS_PODFILE_DIR_PATH}/Podfile.lock",
				"${PODS_ROOT}/Manifest.lock",
			);
			name = "[CP] Check Pods Manifest.lock";
			outputFileListPaths = (
			);
			outputPaths = (
				"$(DERIVED_FILE_DIR)/Pods-Weather-checkManifestLockResult.txt",
			);
			runOnlyForDeploymentPostprocessing = 0;
			shellPath = /bin/sh;
			shellScript = "diff \"${PODS_PODFILE_DIR_PATH}/Podfile.lock\" \"${PODS_ROOT}/Manifest.lock\" > /dev/null\nif [ $? != 0 ] ; then\n    # print error to STDERR\n    echo \"error: The sandbox is not in sync with the Podfile.lock. Run 'pod install' or update your CocoaPods installation.\" >&2\n    exit 1\nfi\n# This output is used by Xcode 'outputs' to avoid re-running this script phase.\necho \"SUCCESS\" > \"${SCRIPT_OUTPUT_FILE_0}\"\n";
			showEnvVarsInLog = 0;
		};
		C8692FCD36E301DF2204AD93 /* [CP] Check Pods Manifest.lock */ = {
			isa = PBXShellScriptBuildPhase;
			buildActionMask = 2147483647;
			files = (
			);
			inputFileListPaths = (
			);
			inputPaths = (
				"${PODS_PODFILE_DIR_PATH}/Podfile.lock",
				"${PODS_ROOT}/Manifest.lock",
			);
			name = "[CP] Check Pods Manifest.lock";
			outputFileListPaths = (
			);
			outputPaths = (
				"$(DERIVED_FILE_DIR)/Pods-WeatherTests-checkManifestLockResult.txt",
			);
			runOnlyForDeploymentPostprocessing = 0;
			shellPath = /bin/sh;
			shellScript = "diff \"${PODS_PODFILE_DIR_PATH}/Podfile.lock\" \"${PODS_ROOT}/Manifest.lock\" > /dev/null\nif [ $? != 0 ] ; then\n    # print error to STDERR\n    echo \"error: The sandbox is not in sync with the Podfile.lock. Run 'pod install' or update your CocoaPods installation.\" >&2\n    exit 1\nfi\n# This output is used by Xcode 'outputs' to avoid re-running this script phase.\necho \"SUCCESS\" > \"${SCRIPT_OUTPUT_FILE_0}\"\n";
			showEnvVarsInLog = 0;
		};
		CCB26CC6F91D538131D4FAC5 /* [CP] Embed Pods Frameworks */ = {
			isa = PBXShellScriptBuildPhase;
			buildActionMask = 2147483647;
			files = (
			);
			inputFileListPaths = (
			);
			inputPaths = (
				"${PODS_ROOT}/Target Support Files/Pods-WeatherTests/Pods-WeatherTests-frameworks.sh",
				"${BUILT_PRODUCTS_DIR}/RxCocoa/RxCocoa.framework",
				"${BUILT_PRODUCTS_DIR}/RxRelay/RxRelay.framework",
				"${BUILT_PRODUCTS_DIR}/RxSwift/RxSwift.framework",
				"${BUILT_PRODUCTS_DIR}/RxBlocking/RxBlocking.framework",
				"${BUILT_PRODUCTS_DIR}/RxTest/RxTest.framework",
			);
			name = "[CP] Embed Pods Frameworks";
			outputFileListPaths = (
			);
			outputPaths = (
				"${TARGET_BUILD_DIR}/${FRAMEWORKS_FOLDER_PATH}/RxCocoa.framework",
				"${TARGET_BUILD_DIR}/${FRAMEWORKS_FOLDER_PATH}/RxRelay.framework",
				"${TARGET_BUILD_DIR}/${FRAMEWORKS_FOLDER_PATH}/RxSwift.framework",
				"${TARGET_BUILD_DIR}/${FRAMEWORKS_FOLDER_PATH}/RxBlocking.framework",
				"${TARGET_BUILD_DIR}/${FRAMEWORKS_FOLDER_PATH}/RxTest.framework",
			);
			runOnlyForDeploymentPostprocessing = 0;
			shellPath = /bin/sh;
			shellScript = "\"${PODS_ROOT}/Target Support Files/Pods-WeatherTests/Pods-WeatherTests-frameworks.sh\"\n";
			showEnvVarsInLog = 0;
		};
		EEE940F2A1B72F7790BD6CB7 /* [CP] Embed Pods Frameworks */ = {
			isa = PBXShellScriptBuildPhase;
			buildActionMask = 2147483647;
			files = (
			);
			inputFileListPaths = (
			);
			inputPaths = (
				"${PODS_ROOT}/Target Support Files/Pods-Weather/Pods-Weather-frameworks.sh",
				"${BUILT_PRODUCTS_DIR}/RxCocoa/RxCocoa.framework",
				"${BUILT_PRODUCTS_DIR}/RxCoreLocation/RxCoreLocation.framework",
				"${BUILT_PRODUCTS_DIR}/RxRelay/RxRelay.framework",
				"${BUILT_PRODUCTS_DIR}/RxSwift/RxSwift.framework",
			);
			name = "[CP] Embed Pods Frameworks";
			outputFileListPaths = (
			);
			outputPaths = (
				"${TARGET_BUILD_DIR}/${FRAMEWORKS_FOLDER_PATH}/RxCocoa.framework",
				"${TARGET_BUILD_DIR}/${FRAMEWORKS_FOLDER_PATH}/RxCoreLocation.framework",
				"${TARGET_BUILD_DIR}/${FRAMEWORKS_FOLDER_PATH}/RxRelay.framework",
				"${TARGET_BUILD_DIR}/${FRAMEWORKS_FOLDER_PATH}/RxSwift.framework",
			);
			runOnlyForDeploymentPostprocessing = 0;
			shellPath = /bin/sh;
			shellScript = "\"${PODS_ROOT}/Target Support Files/Pods-Weather/Pods-Weather-frameworks.sh\"\n";
			showEnvVarsInLog = 0;
		};
/* End PBXShellScriptBuildPhase section */

/* Begin PBXSourcesBuildPhase section */
		3D29E14C218B2DE70090E9E1 /* Sources */ = {
			isa = PBXSourcesBuildPhase;
			buildActionMask = 2147483647;
			files = (
				3DC0A254224442DE00C85F83 /* DayForecastPresenter.swift in Sources */,
				3DD3BB4E22440C0B002C7F4B /* WeatherItem.swift in Sources */,
				3DF0F41521A6DEBA00685E15 /* Forecast.swift in Sources */,
				3D29E15C218B2DE70090E9E1 /* Weather.xcdatamodeld in Sources */,
				3DC0A26A2244540200C85F83 /* StylePresenter.swift in Sources */,
				3DD3BB53224413E9002C7F4B /* LocationRouter.swift in Sources */,
				75B5C728231FA11600B60BBA /* CitiesBaseRepository.swift in Sources */,
				3D2D0BC22242EF8D002E0097 /* LocationInteractor.swift in Sources */,
				3D2A72FA21942D190093A93C /* Secret.swift in Sources */,
				3DF0F41721A6EBB200685E15 /* DateExtension.swift in Sources */,
				751D301C22D481AE003999F6 /* DayForecastConfigurator.swift in Sources */,
				3D061D792237E07E00BFBD4F /* WeatherTableViewCell.swift in Sources */,
				3D2D0BC72242FBE2002E0097 /* LocationPresenter.swift in Sources */,
				3D959135223DAA5600F5E61F /* ImageExtension.swift in Sources */,
				753FECC12322527B00AE50F1 /* WeatherRepository.swift in Sources */,
				3DC0A24222441F6300C85F83 /* WeatherRouter.swift in Sources */,
				3D34439C22354D58006A76EF /* WeatherCodes.swift in Sources */,
				3DD3BB4C224404F4002C7F4B /* NavigationBarColor.swift in Sources */,
				3D2A72FC219430850093A93C /* Weather.swift in Sources */,
				3D3443A122356948006A76EF /* IntExtension.swift in Sources */,
				3D29E154218B2DE70090E9E1 /* AppDelegate.swift in Sources */,
				3DD324A72239BF6A00735797 /* AppStyle.swift in Sources */,
				75B5C72A231FA13900B60BBA /* CsvReader.swift in Sources */,
				3DD324A92239C1B200735797 /* AppStyleRepository.swift in Sources */,
				757187822334F27E00C0E7AD /* DayForecastInteractor.swift in Sources */,
				3DD3BB5022441300002C7F4B /* WeatherPresenter.swift in Sources */,
				3DD324A32239B66100735797 /* StyleTableViewController.swift in Sources */,
				3DC0A25022443F5900C85F83 /* DayForecastRouter.swift in Sources */,
				3DDC666E23318A0100D99A81 /* TestService.swift in Sources */,
				3DC0A24B22443E5100C85F83 /* KuranovSpinnerView.swift in Sources */,
				753FECC523225E9D00AE50F1 /* CityRepository.swift in Sources */,
				3D415AFE224401E3006B4CD5 /* WeatherViewController.swift in Sources */,
				753FECC32322539E00AE50F1 /* ReactiveRequest.swift in Sources */,
				3DC0A270224457A300C85F83 /* StyleInteractor.swift in Sources */,
				3DC0A2442244259100C85F83 /* WeatherInteractor.swift in Sources */,
				3DC0A273224458DD00C85F83 /* StyleRouter.swift in Sources */,
				3D2D0BD022430845002E0097 /* GeolocationService.swift in Sources */,
				751D301E22D4876C003999F6 /* StyleConfigurator.swift in Sources */,
				3DF0F41321A6DE9800685E15 /* RawWeatherInfo.swift in Sources */,
				3DD6DB4C2236A94B000EF8D8 /* HourBinView.swift in Sources */,
				3DD6DB482236A043000EF8D8 /* DayForecastViewController.swift in Sources */,
				3DC0A23F22441B1500C85F83 /* LocationConfigurator.swift in Sources */,
				3D2D0BCE22430099002E0097 /* LocationViewController.swift in Sources */,
				751D301A22D47EF4003999F6 /* WeatherConfigurator.swift in Sources */,
				3D34439F22356121006A76EF /* StringExtension.swift in Sources */,
				3DD6DB4E2236C8AC000EF8D8 /* VerticalTemperatureIndicator.swift in Sources */,
			);
			runOnlyForDeploymentPostprocessing = 0;
		};
		3D94F5DC2327ED75003C906B /* Sources */ = {
			isa = PBXSourcesBuildPhase;
			buildActionMask = 2147483647;
			files = (
				3D4304BC2333AFB700B9E4EC /* LocationPresenterFake.swift in Sources */,
				757187872335074700C0E7AD /* DayForecastInteractorTests.swift in Sources */,
				757187962335198800C0E7AD /* DayForecastRouterTests.swift in Sources */,
				758EB962232B9B410063DC17 /* LocationViewSpy.swift in Sources */,
				3DDC6660232FF9DE00D99A81 /* WeatherViewControllerMock.swift in Sources */,
				3D8E874D23297FBB00B96826 /* LocationInteractorOutputSpy.swift in Sources */,
				3DDC6664232FF9EF00D99A81 /* WeatherRouterTests.swift in Sources */,
				7571879A23351ADE00C0E7AD /* DayForecastRouterSpy.swift in Sources */,
				3DA907B423327E61003A0C7F /* WeatherInteractorOutputFake.swift in Sources */,
				757187942335146E00C0E7AD /* DayForecastViewSpy.swift in Sources */,
				75A605DC232913250007C5B7 /* CityRepositoryStub.swift in Sources */,
				758EB966232BAB080063DC17 /* CityRepositoryFake.swift in Sources */,
				7571878C2335119800C0E7AD /* DayForecastPresenterTests.swift in Sources */,
				3D8E874923297F4A00B96826 /* LocationViewControllerSegueMock.swift in Sources */,
				7571878E233511EB00C0E7AD /* DayForecastInteractorySpy.swift in Sources */,
				75718790233512C200C0E7AD /* DayForecastViewFake.swift in Sources */,
				75A605D22328EE430007C5B7 /* StoryboardView.swift in Sources */,
				75A605D62328FBB70007C5B7 /* LocationRoutingTests.swift in Sources */,
				3D94F5E32327ED76003C906B /* LocationConfiguratorTests.swift in Sources */,
				3D8E87512329821200B96826 /* GeolocationServiceStub.swift in Sources */,
				3D9511A22333BF6A00E9417B /* AppStyleRepositoryStub.swift in Sources */,
				755A0F32232A37DC00C7C1DF /* WeatherRepositorySpy.swift in Sources */,
				758EB968232BB3820063DC17 /* CitiesBaseRepositoryStub.swift in Sources */,
				755A0F30232A35F100C7C1DF /* LocationViewFake.swift in Sources */,
				3D8E874B23297F7000B96826 /* LocationRouterSpy.swift in Sources */,
				3DDC667023318CF400D99A81 /* WeatherViewTests.swift in Sources */,
				3DDC6666232FF9EF00D99A81 /* WeatherInteractorTests.swift in Sources */,
				757187852334F40E00C0E7AD /* DayForecastConfiguratorTests.swift in Sources */,
				75A605D823290A900007C5B7 /* LocationInteractorTests.swift in Sources */,
				758EB964232B9BCE0063DC17 /* LocationInteractorFake.swift in Sources */,
				3DDC666A2331820E00D99A81 /* LocationViewTests.swift in Sources */,
				75A605DA23290B200007C5B7 /* LocationInteractorSpy.swift in Sources */,
				75718798233519FB00C0E7AD /* DayForecastPresenterSpy.swift in Sources */,
				757187922335142A00C0E7AD /* DayForecastInteractorFake.swift in Sources */,
				3DA907B62332A7CD003A0C7F /* WeatherInteractorOutputSpy.swift in Sources */,
				758EB96A232BB5E30063DC17 /* LocationRouterFake.swift in Sources */,
				7571878A2335081C00C0E7AD /* DayForecastInteractorOutputSpy.swift in Sources */,
				3D8E874F2329819700B96826 /* LocationPresenterTests.swift in Sources */,
				3DDC6665232FF9EF00D99A81 /* WeatherConfiguratorTests.swift in Sources */,
				3DDC667223318D3300D99A81 /* WeatherRouterSegueMock.swift in Sources */,
			);
			runOnlyForDeploymentPostprocessing = 0;
		};
/* End PBXSourcesBuildPhase section */

/* Begin PBXTargetDependency section */
		3D94F5E62327ED76003C906B /* PBXTargetDependency */ = {
			isa = PBXTargetDependency;
			target = 3D29E14F218B2DE70090E9E1 /* Weather */;
			targetProxy = 3D94F5E52327ED76003C906B /* PBXContainerItemProxy */;
		};
/* End PBXTargetDependency section */

/* Begin PBXVariantGroup section */
		3D29E157218B2DE70090E9E1 /* Main.storyboard */ = {
			isa = PBXVariantGroup;
			children = (
				3D29E158218B2DE70090E9E1 /* Base */,
			);
			name = Main.storyboard;
			sourceTree = "<group>";
		};
		3D29E15F218B2DE90090E9E1 /* LaunchScreen.storyboard */ = {
			isa = PBXVariantGroup;
			children = (
				3D29E160218B2DE90090E9E1 /* Base */,
			);
			name = LaunchScreen.storyboard;
			sourceTree = "<group>";
		};
/* End PBXVariantGroup section */

/* Begin XCBuildConfiguration section */
		3D29E163218B2DE90090E9E1 /* Debug */ = {
			isa = XCBuildConfiguration;
			buildSettings = {
				ALWAYS_SEARCH_USER_PATHS = NO;
				CLANG_ANALYZER_NONNULL = YES;
				CLANG_ANALYZER_NUMBER_OBJECT_CONVERSION = YES_AGGRESSIVE;
				CLANG_CXX_LANGUAGE_STANDARD = "gnu++14";
				CLANG_CXX_LIBRARY = "libc++";
				CLANG_ENABLE_MODULES = YES;
				CLANG_ENABLE_OBJC_ARC = YES;
				CLANG_ENABLE_OBJC_WEAK = YES;
				CLANG_WARN_BLOCK_CAPTURE_AUTORELEASING = YES;
				CLANG_WARN_BOOL_CONVERSION = YES;
				CLANG_WARN_COMMA = YES;
				CLANG_WARN_CONSTANT_CONVERSION = YES;
				CLANG_WARN_DEPRECATED_OBJC_IMPLEMENTATIONS = YES;
				CLANG_WARN_DIRECT_OBJC_ISA_USAGE = YES_ERROR;
				CLANG_WARN_DOCUMENTATION_COMMENTS = YES;
				CLANG_WARN_EMPTY_BODY = YES;
				CLANG_WARN_ENUM_CONVERSION = YES;
				CLANG_WARN_INFINITE_RECURSION = YES;
				CLANG_WARN_INT_CONVERSION = YES;
				CLANG_WARN_NON_LITERAL_NULL_CONVERSION = YES;
				CLANG_WARN_OBJC_IMPLICIT_RETAIN_SELF = YES;
				CLANG_WARN_OBJC_LITERAL_CONVERSION = YES;
				CLANG_WARN_OBJC_ROOT_CLASS = YES_ERROR;
				CLANG_WARN_RANGE_LOOP_ANALYSIS = YES;
				CLANG_WARN_STRICT_PROTOTYPES = YES;
				CLANG_WARN_SUSPICIOUS_MOVE = YES;
				CLANG_WARN_UNGUARDED_AVAILABILITY = YES_AGGRESSIVE;
				CLANG_WARN_UNREACHABLE_CODE = YES;
				CLANG_WARN__DUPLICATE_METHOD_MATCH = YES;
				CODE_SIGN_IDENTITY = "iPhone Developer";
				COPY_PHASE_STRIP = NO;
				DEBUG_INFORMATION_FORMAT = dwarf;
				ENABLE_STRICT_OBJC_MSGSEND = YES;
				ENABLE_TESTABILITY = YES;
				GCC_C_LANGUAGE_STANDARD = gnu11;
				GCC_DYNAMIC_NO_PIC = NO;
				GCC_NO_COMMON_BLOCKS = YES;
				GCC_OPTIMIZATION_LEVEL = 0;
				GCC_PREPROCESSOR_DEFINITIONS = (
					"DEBUG=1",
					"$(inherited)",
				);
				GCC_WARN_64_TO_32_BIT_CONVERSION = YES;
				GCC_WARN_ABOUT_RETURN_TYPE = YES_ERROR;
				GCC_WARN_UNDECLARED_SELECTOR = YES;
				GCC_WARN_UNINITIALIZED_AUTOS = YES_AGGRESSIVE;
				GCC_WARN_UNUSED_FUNCTION = YES;
				GCC_WARN_UNUSED_VARIABLE = YES;
				IPHONEOS_DEPLOYMENT_TARGET = 12.0;
				MTL_ENABLE_DEBUG_INFO = INCLUDE_SOURCE;
				MTL_FAST_MATH = YES;
				ONLY_ACTIVE_ARCH = YES;
				SDKROOT = iphoneos;
				SWIFT_ACTIVE_COMPILATION_CONDITIONS = DEBUG;
				SWIFT_OPTIMIZATION_LEVEL = "-Onone";
				SWIFT_VERSION = 5.0;
			};
			name = Debug;
		};
		3D29E164218B2DE90090E9E1 /* Release */ = {
			isa = XCBuildConfiguration;
			buildSettings = {
				ALWAYS_SEARCH_USER_PATHS = NO;
				CLANG_ANALYZER_NONNULL = YES;
				CLANG_ANALYZER_NUMBER_OBJECT_CONVERSION = YES_AGGRESSIVE;
				CLANG_CXX_LANGUAGE_STANDARD = "gnu++14";
				CLANG_CXX_LIBRARY = "libc++";
				CLANG_ENABLE_MODULES = YES;
				CLANG_ENABLE_OBJC_ARC = YES;
				CLANG_ENABLE_OBJC_WEAK = YES;
				CLANG_WARN_BLOCK_CAPTURE_AUTORELEASING = YES;
				CLANG_WARN_BOOL_CONVERSION = YES;
				CLANG_WARN_COMMA = YES;
				CLANG_WARN_CONSTANT_CONVERSION = YES;
				CLANG_WARN_DEPRECATED_OBJC_IMPLEMENTATIONS = YES;
				CLANG_WARN_DIRECT_OBJC_ISA_USAGE = YES_ERROR;
				CLANG_WARN_DOCUMENTATION_COMMENTS = YES;
				CLANG_WARN_EMPTY_BODY = YES;
				CLANG_WARN_ENUM_CONVERSION = YES;
				CLANG_WARN_INFINITE_RECURSION = YES;
				CLANG_WARN_INT_CONVERSION = YES;
				CLANG_WARN_NON_LITERAL_NULL_CONVERSION = YES;
				CLANG_WARN_OBJC_IMPLICIT_RETAIN_SELF = YES;
				CLANG_WARN_OBJC_LITERAL_CONVERSION = YES;
				CLANG_WARN_OBJC_ROOT_CLASS = YES_ERROR;
				CLANG_WARN_RANGE_LOOP_ANALYSIS = YES;
				CLANG_WARN_STRICT_PROTOTYPES = YES;
				CLANG_WARN_SUSPICIOUS_MOVE = YES;
				CLANG_WARN_UNGUARDED_AVAILABILITY = YES_AGGRESSIVE;
				CLANG_WARN_UNREACHABLE_CODE = YES;
				CLANG_WARN__DUPLICATE_METHOD_MATCH = YES;
				CODE_SIGN_IDENTITY = "iPhone Developer";
				COPY_PHASE_STRIP = NO;
				DEBUG_INFORMATION_FORMAT = "dwarf-with-dsym";
				ENABLE_NS_ASSERTIONS = NO;
				ENABLE_STRICT_OBJC_MSGSEND = YES;
				GCC_C_LANGUAGE_STANDARD = gnu11;
				GCC_NO_COMMON_BLOCKS = YES;
				GCC_WARN_64_TO_32_BIT_CONVERSION = YES;
				GCC_WARN_ABOUT_RETURN_TYPE = YES_ERROR;
				GCC_WARN_UNDECLARED_SELECTOR = YES;
				GCC_WARN_UNINITIALIZED_AUTOS = YES_AGGRESSIVE;
				GCC_WARN_UNUSED_FUNCTION = YES;
				GCC_WARN_UNUSED_VARIABLE = YES;
				IPHONEOS_DEPLOYMENT_TARGET = 12.0;
				MTL_ENABLE_DEBUG_INFO = NO;
				MTL_FAST_MATH = YES;
				SDKROOT = iphoneos;
				SWIFT_COMPILATION_MODE = wholemodule;
				SWIFT_OPTIMIZATION_LEVEL = "-O";
				SWIFT_VERSION = 5.0;
				VALIDATE_PRODUCT = YES;
			};
			name = Release;
		};
		3D29E166218B2DE90090E9E1 /* Debug */ = {
			isa = XCBuildConfiguration;
			baseConfigurationReference = FB58E174475E8A430E3C9B33 /* Pods-Weather.debug.xcconfig */;
			buildSettings = {
				ALWAYS_EMBED_SWIFT_STANDARD_LIBRARIES = NO;
				ASSETCATALOG_COMPILER_APPICON_NAME = AppIcon;
				CODE_SIGN_STYLE = Automatic;
				DEVELOPMENT_TEAM = 32AQQ2HR67;
				INFOPLIST_FILE = Weather/Info.plist;
				LD_RUNPATH_SEARCH_PATHS = (
					"$(inherited)",
					"@executable_path/Frameworks",
				);
				PRODUCT_BUNDLE_IDENTIFIER = com.codezavod.weather;
				PRODUCT_NAME = "$(TARGET_NAME)";
				SWIFT_VERSION = 5.0;
				TARGETED_DEVICE_FAMILY = "1,2";
			};
			name = Debug;
		};
		3D29E167218B2DE90090E9E1 /* Release */ = {
			isa = XCBuildConfiguration;
			baseConfigurationReference = 77EEA8FFBF16C3727C6E201B /* Pods-Weather.release.xcconfig */;
			buildSettings = {
				ALWAYS_EMBED_SWIFT_STANDARD_LIBRARIES = NO;
				ASSETCATALOG_COMPILER_APPICON_NAME = AppIcon;
				CODE_SIGN_STYLE = Automatic;
				DEVELOPMENT_TEAM = 32AQQ2HR67;
				INFOPLIST_FILE = Weather/Info.plist;
				LD_RUNPATH_SEARCH_PATHS = (
					"$(inherited)",
					"@executable_path/Frameworks",
				);
				PRODUCT_BUNDLE_IDENTIFIER = com.codezavod.weather;
				PRODUCT_NAME = "$(TARGET_NAME)";
				SWIFT_VERSION = 5.0;
				TARGETED_DEVICE_FAMILY = "1,2";
			};
			name = Release;
		};
		3D94F5E72327ED76003C906B /* Debug */ = {
			isa = XCBuildConfiguration;
			baseConfigurationReference = E457D9941078047C2948D4B5 /* Pods-WeatherTests.debug.xcconfig */;
			buildSettings = {
				BUNDLE_LOADER = "$(TEST_HOST)";
				CODE_SIGN_STYLE = Automatic;
				DEVELOPMENT_TEAM = 32AQQ2HR67;
				HEADER_SEARCH_PATHS = "";
				INFOPLIST_FILE = WeatherTests/Info.plist;
				IPHONEOS_DEPLOYMENT_TARGET = 12.2;
				LD_RUNPATH_SEARCH_PATHS = (
					"$(inherited)",
					"@executable_path/Frameworks",
					"@loader_path/Frameworks",
				);
				PRODUCT_BUNDLE_IDENTIFIER = com.codezavod.WeatherTests;
				PRODUCT_NAME = "$(TARGET_NAME)";
				SWIFT_VERSION = 5.0;
				TARGETED_DEVICE_FAMILY = "1,2";
				TEST_HOST = "$(BUILT_PRODUCTS_DIR)/Weather.app/Weather";
			};
			name = Debug;
		};
		3D94F5E82327ED76003C906B /* Release */ = {
			isa = XCBuildConfiguration;
			baseConfigurationReference = ACDA671CC2182B861606C6B0 /* Pods-WeatherTests.release.xcconfig */;
			buildSettings = {
				BUNDLE_LOADER = "$(TEST_HOST)";
				CODE_SIGN_STYLE = Automatic;
				DEVELOPMENT_TEAM = 32AQQ2HR67;
				HEADER_SEARCH_PATHS = "";
				INFOPLIST_FILE = WeatherTests/Info.plist;
				IPHONEOS_DEPLOYMENT_TARGET = 12.2;
				LD_RUNPATH_SEARCH_PATHS = (
					"$(inherited)",
					"@executable_path/Frameworks",
					"@loader_path/Frameworks",
				);
				PRODUCT_BUNDLE_IDENTIFIER = com.codezavod.WeatherTests;
				PRODUCT_NAME = "$(TARGET_NAME)";
				SWIFT_VERSION = 5.0;
				TARGETED_DEVICE_FAMILY = "1,2";
				TEST_HOST = "$(BUILT_PRODUCTS_DIR)/Weather.app/Weather";
			};
			name = Release;
		};
/* End XCBuildConfiguration section */

/* Begin XCConfigurationList section */
		3D29E14B218B2DE70090E9E1 /* Build configuration list for PBXProject "Weather" */ = {
			isa = XCConfigurationList;
			buildConfigurations = (
				3D29E163218B2DE90090E9E1 /* Debug */,
				3D29E164218B2DE90090E9E1 /* Release */,
			);
			defaultConfigurationIsVisible = 0;
			defaultConfigurationName = Release;
		};
		3D29E165218B2DE90090E9E1 /* Build configuration list for PBXNativeTarget "Weather" */ = {
			isa = XCConfigurationList;
			buildConfigurations = (
				3D29E166218B2DE90090E9E1 /* Debug */,
				3D29E167218B2DE90090E9E1 /* Release */,
			);
			defaultConfigurationIsVisible = 0;
			defaultConfigurationName = Release;
		};
		3D94F5E92327ED76003C906B /* Build configuration list for PBXNativeTarget "WeatherTests" */ = {
			isa = XCConfigurationList;
			buildConfigurations = (
				3D94F5E72327ED76003C906B /* Debug */,
				3D94F5E82327ED76003C906B /* Release */,
			);
			defaultConfigurationIsVisible = 0;
			defaultConfigurationName = Release;
		};
/* End XCConfigurationList section */

/* Begin XCVersionGroup section */
		3D29E15A218B2DE70090E9E1 /* Weather.xcdatamodeld */ = {
			isa = XCVersionGroup;
			children = (
				3D29E15B218B2DE70090E9E1 /* Weather.xcdatamodel */,
			);
			currentVersion = 3D29E15B218B2DE70090E9E1 /* Weather.xcdatamodel */;
			path = Weather.xcdatamodeld;
			sourceTree = "<group>";
			versionGroupType = wrapper.xcdatamodel;
		};
/* End XCVersionGroup section */
	};
	rootObject = 3D29E148218B2DE70090E9E1 /* Project object */;
}
