// !$*UTF8*$!
{
	archiveVersion = 1;
	classes = {
	};
	objectVersion = 50;
	objects = {

/* Begin PBXBuildFile section */
		3D061D772237DBA800BFBD4F /* WeatherTableViewCell.xib in Resources */ = {isa = PBXBuildFile; fileRef = 3D061D762237DBA800BFBD4F /* WeatherTableViewCell.xib */; };
		3D061D792237E07E00BFBD4F /* WeatherTableViewCell.swift in Sources */ = {isa = PBXBuildFile; fileRef = 3D061D782237E07E00BFBD4F /* WeatherTableViewCell.swift */; };
		3D29E154218B2DE70090E9E1 /* AppDelegate.swift in Sources */ = {isa = PBXBuildFile; fileRef = 3D29E153218B2DE70090E9E1 /* AppDelegate.swift */; };
		3D29E159218B2DE70090E9E1 /* Main.storyboard in Resources */ = {isa = PBXBuildFile; fileRef = 3D29E157218B2DE70090E9E1 /* Main.storyboard */; };
		3D29E15C218B2DE70090E9E1 /* Weather.xcdatamodeld in Sources */ = {isa = PBXBuildFile; fileRef = 3D29E15A218B2DE70090E9E1 /* Weather.xcdatamodeld */; };
		3D29E161218B2DE90090E9E1 /* LaunchScreen.storyboard in Resources */ = {isa = PBXBuildFile; fileRef = 3D29E15F218B2DE90090E9E1 /* LaunchScreen.storyboard */; };
		3D2A72FA21942D190093A93C /* Secret.swift in Sources */ = {isa = PBXBuildFile; fileRef = 3D2A72F921942D190093A93C /* Secret.swift */; };
		3D2A72FC219430850093A93C /* Weather.swift in Sources */ = {isa = PBXBuildFile; fileRef = 3D2A72FB219430850093A93C /* Weather.swift */; };
		3D2D0BC22242EF8D002E0097 /* LocationInteractor.swift in Sources */ = {isa = PBXBuildFile; fileRef = 3D2D0BC12242EF8D002E0097 /* LocationInteractor.swift */; };
		3D2D0BC72242FBE2002E0097 /* LocationPresenter.swift in Sources */ = {isa = PBXBuildFile; fileRef = 3D2D0BC62242FBE2002E0097 /* LocationPresenter.swift */; };
		3D2D0BCE22430099002E0097 /* LocationViewController.swift in Sources */ = {isa = PBXBuildFile; fileRef = 3D2D0BCD22430099002E0097 /* LocationViewController.swift */; };
		3D2D0BD022430845002E0097 /* GeolocationService.swift in Sources */ = {isa = PBXBuildFile; fileRef = 3D2D0BCF22430845002E0097 /* GeolocationService.swift */; };
		3D34439A22351997006A76EF /* Assets.xcassets in Resources */ = {isa = PBXBuildFile; fileRef = 3D34439922351997006A76EF /* Assets.xcassets */; };
		3D34439C22354D58006A76EF /* WeatherCodes.swift in Sources */ = {isa = PBXBuildFile; fileRef = 3D34439B22354D58006A76EF /* WeatherCodes.swift */; };
		3D34439F22356121006A76EF /* StringExtension.swift in Sources */ = {isa = PBXBuildFile; fileRef = 3D34439E22356121006A76EF /* StringExtension.swift */; };
		3D3443A122356948006A76EF /* IntExtension.swift in Sources */ = {isa = PBXBuildFile; fileRef = 3D3443A022356948006A76EF /* IntExtension.swift */; };
		3D415AFC2243FA4F006B4CD5 /* WeatherModel.swift in Sources */ = {isa = PBXBuildFile; fileRef = 3D415AFB2243FA4F006B4CD5 /* WeatherModel.swift */; };
		3D415AFE224401E3006B4CD5 /* WeatherViewController.swift in Sources */ = {isa = PBXBuildFile; fileRef = 3D415AFD224401E3006B4CD5 /* WeatherViewController.swift */; };
		3D959135223DAA5600F5E61F /* ImageExtension.swift in Sources */ = {isa = PBXBuildFile; fileRef = 3D959134223DAA5600F5E61F /* ImageExtension.swift */; };
		3DC0A23F22441B1500C85F83 /* LocationConfigurator.swift in Sources */ = {isa = PBXBuildFile; fileRef = 3DC0A23E22441B1500C85F83 /* LocationConfigurator.swift */; };
		3DC0A24222441F6300C85F83 /* WeatherRouter.swift in Sources */ = {isa = PBXBuildFile; fileRef = 3DC0A24122441F6300C85F83 /* WeatherRouter.swift */; };
		3DC0A2442244259100C85F83 /* WeatherInteractor.swift in Sources */ = {isa = PBXBuildFile; fileRef = 3DC0A2432244259100C85F83 /* WeatherInteractor.swift */; };
		3DC0A248224431C900C85F83 /* ModelService.swift in Sources */ = {isa = PBXBuildFile; fileRef = 3DC0A247224431C900C85F83 /* ModelService.swift */; };
		3DC0A24B22443E5100C85F83 /* KuranovSpinnerView.swift in Sources */ = {isa = PBXBuildFile; fileRef = 3DC0A24922443E5100C85F83 /* KuranovSpinnerView.swift */; };
		3DC0A25022443F5900C85F83 /* DayForecastRouter.swift in Sources */ = {isa = PBXBuildFile; fileRef = 3DC0A24F22443F5900C85F83 /* DayForecastRouter.swift */; };
		3DC0A254224442DE00C85F83 /* DayForecastPresenter.swift in Sources */ = {isa = PBXBuildFile; fileRef = 3DC0A253224442DE00C85F83 /* DayForecastPresenter.swift */; };
		3DC0A26A2244540200C85F83 /* StylePresenter.swift in Sources */ = {isa = PBXBuildFile; fileRef = 3DC0A2692244540200C85F83 /* StylePresenter.swift */; };
		3DC0A270224457A300C85F83 /* StyleInteractor.swift in Sources */ = {isa = PBXBuildFile; fileRef = 3DC0A26F224457A300C85F83 /* StyleInteractor.swift */; };
		3DC0A273224458DD00C85F83 /* StyleRouter.swift in Sources */ = {isa = PBXBuildFile; fileRef = 3DC0A272224458DD00C85F83 /* StyleRouter.swift */; };
		3DC0A27622446C5500C85F83 /* KuranovSpinnerView.xib in Resources */ = {isa = PBXBuildFile; fileRef = 3DC0A24A22443E5100C85F83 /* KuranovSpinnerView.xib */; };
		3DD324A32239B66100735797 /* StyleTableViewController.swift in Sources */ = {isa = PBXBuildFile; fileRef = 3DD324A22239B66100735797 /* StyleTableViewController.swift */; };
		3DD324A72239BF6A00735797 /* AppStyle.swift in Sources */ = {isa = PBXBuildFile; fileRef = 3DD324A62239BF6A00735797 /* AppStyle.swift */; };
		3DD324A92239C1B200735797 /* AppStyleRepository.swift in Sources */ = {isa = PBXBuildFile; fileRef = 3DD324A82239C1B200735797 /* AppStyleRepository.swift */; };
		3DD3BB4A22440322002C7F4B /* AppStyleModel.swift in Sources */ = {isa = PBXBuildFile; fileRef = 3DD3BB4922440322002C7F4B /* AppStyleModel.swift */; };
		3DD3BB4C224404F4002C7F4B /* NavigationBarColor.swift in Sources */ = {isa = PBXBuildFile; fileRef = 3DD3BB4B224404F4002C7F4B /* NavigationBarColor.swift */; };
		3DD3BB4E22440C0B002C7F4B /* WeatherItem.swift in Sources */ = {isa = PBXBuildFile; fileRef = 3DD3BB4D22440C0B002C7F4B /* WeatherItem.swift */; };
		3DD3BB5022441300002C7F4B /* WeatherPresenter.swift in Sources */ = {isa = PBXBuildFile; fileRef = 3DD3BB4F22441300002C7F4B /* WeatherPresenter.swift */; };
		3DD3BB53224413E9002C7F4B /* LocationRouter.swift in Sources */ = {isa = PBXBuildFile; fileRef = 3DD3BB52224413E9002C7F4B /* LocationRouter.swift */; };
		3DD6DB482236A043000EF8D8 /* DayForecastViewController.swift in Sources */ = {isa = PBXBuildFile; fileRef = 3DD6DB472236A043000EF8D8 /* DayForecastViewController.swift */; };
		3DD6DB4A2236A85A000EF8D8 /* HourBinView.xib in Resources */ = {isa = PBXBuildFile; fileRef = 3DD6DB492236A85A000EF8D8 /* HourBinView.xib */; };
		3DD6DB4C2236A94B000EF8D8 /* HourBinView.swift in Sources */ = {isa = PBXBuildFile; fileRef = 3DD6DB4B2236A94B000EF8D8 /* HourBinView.swift */; };
		3DD6DB4E2236C8AC000EF8D8 /* VerticalTemperatureIndicator.swift in Sources */ = {isa = PBXBuildFile; fileRef = 3DD6DB4D2236C8AC000EF8D8 /* VerticalTemperatureIndicator.swift */; };
		3DF0F41321A6DE9800685E15 /* RawWeatherInfo.swift in Sources */ = {isa = PBXBuildFile; fileRef = 3DF0F41221A6DE9800685E15 /* RawWeatherInfo.swift */; };
		3DF0F41521A6DEBA00685E15 /* Forecast.swift in Sources */ = {isa = PBXBuildFile; fileRef = 3DF0F41421A6DEBA00685E15 /* Forecast.swift */; };
		3DF0F41721A6EBB200685E15 /* DateExtension.swift in Sources */ = {isa = PBXBuildFile; fileRef = 3DF0F41621A6EBB200685E15 /* DateExtension.swift */; };
		751D301A22D47EF4003999F6 /* WeatherConfigurator.swift in Sources */ = {isa = PBXBuildFile; fileRef = 751D301922D47EF4003999F6 /* WeatherConfigurator.swift */; };
		751D301C22D481AE003999F6 /* DayForecastConfigurator.swift in Sources */ = {isa = PBXBuildFile; fileRef = 751D301B22D481AE003999F6 /* DayForecastConfigurator.swift */; };
		751D301E22D4876C003999F6 /* StyleConfigurator.swift in Sources */ = {isa = PBXBuildFile; fileRef = 751D301D22D4876C003999F6 /* StyleConfigurator.swift */; };
		753FECC12322527B00AE50F1 /* WeatherRepository.swift in Sources */ = {isa = PBXBuildFile; fileRef = 753FECC02322527B00AE50F1 /* WeatherRepository.swift */; };
		753FECC32322539E00AE50F1 /* ReactiveRequest.swift in Sources */ = {isa = PBXBuildFile; fileRef = 753FECC22322539E00AE50F1 /* ReactiveRequest.swift */; };
		753FECC523225E9D00AE50F1 /* CityRepository.swift in Sources */ = {isa = PBXBuildFile; fileRef = 753FECC423225E9D00AE50F1 /* CityRepository.swift */; };
		75B5C728231FA11600B60BBA /* CitiesBaseRepository.swift in Sources */ = {isa = PBXBuildFile; fileRef = 75B5C727231FA11600B60BBA /* CitiesBaseRepository.swift */; };
		75B5C72A231FA13900B60BBA /* CsvReader.swift in Sources */ = {isa = PBXBuildFile; fileRef = 75B5C729231FA13900B60BBA /* CsvReader.swift */; };
		75B5C72C231FA15700B60BBA /* geo.csv in Resources */ = {isa = PBXBuildFile; fileRef = 75B5C72B231FA15700B60BBA /* geo.csv */; };
		AFE8793A80DB5BC1CF7B4C97 /* Pods_Weather.framework in Frameworks */ = {isa = PBXBuildFile; fileRef = 277A4BAEF28E5733E9539523 /* Pods_Weather.framework */; };
/* End PBXBuildFile section */

/* Begin PBXFileReference section */
		277A4BAEF28E5733E9539523 /* Pods_Weather.framework */ = {isa = PBXFileReference; explicitFileType = wrapper.framework; includeInIndex = 0; path = Pods_Weather.framework; sourceTree = BUILT_PRODUCTS_DIR; };
		3D061D762237DBA800BFBD4F /* WeatherTableViewCell.xib */ = {isa = PBXFileReference; lastKnownFileType = file.xib; path = WeatherTableViewCell.xib; sourceTree = "<group>"; };
		3D061D782237E07E00BFBD4F /* WeatherTableViewCell.swift */ = {isa = PBXFileReference; lastKnownFileType = sourcecode.swift; path = WeatherTableViewCell.swift; sourceTree = "<group>"; };
		3D29E150218B2DE70090E9E1 /* Weather.app */ = {isa = PBXFileReference; explicitFileType = wrapper.application; includeInIndex = 0; path = Weather.app; sourceTree = BUILT_PRODUCTS_DIR; };
		3D29E153218B2DE70090E9E1 /* AppDelegate.swift */ = {isa = PBXFileReference; lastKnownFileType = sourcecode.swift; path = AppDelegate.swift; sourceTree = "<group>"; };
		3D29E158218B2DE70090E9E1 /* Base */ = {isa = PBXFileReference; lastKnownFileType = file.storyboard; name = Base; path = Base.lproj/Main.storyboard; sourceTree = "<group>"; };
		3D29E15B218B2DE70090E9E1 /* Weather.xcdatamodel */ = {isa = PBXFileReference; lastKnownFileType = wrapper.xcdatamodel; path = Weather.xcdatamodel; sourceTree = "<group>"; };
		3D29E160218B2DE90090E9E1 /* Base */ = {isa = PBXFileReference; lastKnownFileType = file.storyboard; name = Base; path = Base.lproj/LaunchScreen.storyboard; sourceTree = "<group>"; };
		3D29E162218B2DE90090E9E1 /* Info.plist */ = {isa = PBXFileReference; lastKnownFileType = text.plist.xml; path = Info.plist; sourceTree = "<group>"; };
		3D2A72F921942D190093A93C /* Secret.swift */ = {isa = PBXFileReference; lastKnownFileType = sourcecode.swift; path = Secret.swift; sourceTree = "<group>"; };
		3D2A72FB219430850093A93C /* Weather.swift */ = {isa = PBXFileReference; lastKnownFileType = sourcecode.swift; path = Weather.swift; sourceTree = "<group>"; };
		3D2D0BC12242EF8D002E0097 /* LocationInteractor.swift */ = {isa = PBXFileReference; lastKnownFileType = sourcecode.swift; path = LocationInteractor.swift; sourceTree = "<group>"; };
		3D2D0BC62242FBE2002E0097 /* LocationPresenter.swift */ = {isa = PBXFileReference; lastKnownFileType = sourcecode.swift; path = LocationPresenter.swift; sourceTree = "<group>"; };
		3D2D0BCD22430099002E0097 /* LocationViewController.swift */ = {isa = PBXFileReference; lastKnownFileType = sourcecode.swift; path = LocationViewController.swift; sourceTree = "<group>"; };
		3D2D0BCF22430845002E0097 /* GeolocationService.swift */ = {isa = PBXFileReference; lastKnownFileType = sourcecode.swift; path = GeolocationService.swift; sourceTree = "<group>"; };
		3D34439922351997006A76EF /* Assets.xcassets */ = {isa = PBXFileReference; lastKnownFileType = folder.assetcatalog; path = Assets.xcassets; sourceTree = "<group>"; };
		3D34439B22354D58006A76EF /* WeatherCodes.swift */ = {isa = PBXFileReference; lastKnownFileType = sourcecode.swift; path = WeatherCodes.swift; sourceTree = "<group>"; };
		3D34439E22356121006A76EF /* StringExtension.swift */ = {isa = PBXFileReference; lastKnownFileType = sourcecode.swift; path = StringExtension.swift; sourceTree = "<group>"; };
		3D3443A022356948006A76EF /* IntExtension.swift */ = {isa = PBXFileReference; lastKnownFileType = sourcecode.swift; path = IntExtension.swift; sourceTree = "<group>"; };
		3D415AFB2243FA4F006B4CD5 /* WeatherModel.swift */ = {isa = PBXFileReference; lastKnownFileType = sourcecode.swift; path = WeatherModel.swift; sourceTree = "<group>"; };
		3D415AFD224401E3006B4CD5 /* WeatherViewController.swift */ = {isa = PBXFileReference; lastKnownFileType = sourcecode.swift; path = WeatherViewController.swift; sourceTree = "<group>"; };
		3D959134223DAA5600F5E61F /* ImageExtension.swift */ = {isa = PBXFileReference; lastKnownFileType = sourcecode.swift; path = ImageExtension.swift; sourceTree = "<group>"; };
		3DC0A23E22441B1500C85F83 /* LocationConfigurator.swift */ = {isa = PBXFileReference; lastKnownFileType = sourcecode.swift; path = LocationConfigurator.swift; sourceTree = "<group>"; };
		3DC0A24122441F6300C85F83 /* WeatherRouter.swift */ = {isa = PBXFileReference; lastKnownFileType = sourcecode.swift; path = WeatherRouter.swift; sourceTree = "<group>"; };
		3DC0A2432244259100C85F83 /* WeatherInteractor.swift */ = {isa = PBXFileReference; lastKnownFileType = sourcecode.swift; path = WeatherInteractor.swift; sourceTree = "<group>"; };
		3DC0A247224431C900C85F83 /* ModelService.swift */ = {isa = PBXFileReference; lastKnownFileType = sourcecode.swift; path = ModelService.swift; sourceTree = "<group>"; };
		3DC0A24922443E5100C85F83 /* KuranovSpinnerView.swift */ = {isa = PBXFileReference; lastKnownFileType = sourcecode.swift; path = KuranovSpinnerView.swift; sourceTree = "<group>"; };
		3DC0A24A22443E5100C85F83 /* KuranovSpinnerView.xib */ = {isa = PBXFileReference; lastKnownFileType = file.xib; path = KuranovSpinnerView.xib; sourceTree = "<group>"; };
		3DC0A24F22443F5900C85F83 /* DayForecastRouter.swift */ = {isa = PBXFileReference; lastKnownFileType = sourcecode.swift; path = DayForecastRouter.swift; sourceTree = "<group>"; };
		3DC0A253224442DE00C85F83 /* DayForecastPresenter.swift */ = {isa = PBXFileReference; lastKnownFileType = sourcecode.swift; path = DayForecastPresenter.swift; sourceTree = "<group>"; };
		3DC0A2692244540200C85F83 /* StylePresenter.swift */ = {isa = PBXFileReference; lastKnownFileType = sourcecode.swift; path = StylePresenter.swift; sourceTree = "<group>"; };
		3DC0A26F224457A300C85F83 /* StyleInteractor.swift */ = {isa = PBXFileReference; lastKnownFileType = sourcecode.swift; path = StyleInteractor.swift; sourceTree = "<group>"; };
		3DC0A272224458DD00C85F83 /* StyleRouter.swift */ = {isa = PBXFileReference; lastKnownFileType = sourcecode.swift; path = StyleRouter.swift; sourceTree = "<group>"; };
		3DD324A22239B66100735797 /* StyleTableViewController.swift */ = {isa = PBXFileReference; lastKnownFileType = sourcecode.swift; path = StyleTableViewController.swift; sourceTree = "<group>"; };
		3DD324A62239BF6A00735797 /* AppStyle.swift */ = {isa = PBXFileReference; lastKnownFileType = sourcecode.swift; path = AppStyle.swift; sourceTree = "<group>"; };
		3DD324A82239C1B200735797 /* AppStyleRepository.swift */ = {isa = PBXFileReference; lastKnownFileType = sourcecode.swift; path = AppStyleRepository.swift; sourceTree = "<group>"; };
		3DD3BB4922440322002C7F4B /* AppStyleModel.swift */ = {isa = PBXFileReference; lastKnownFileType = sourcecode.swift; path = AppStyleModel.swift; sourceTree = "<group>"; };
		3DD3BB4B224404F4002C7F4B /* NavigationBarColor.swift */ = {isa = PBXFileReference; lastKnownFileType = sourcecode.swift; path = NavigationBarColor.swift; sourceTree = "<group>"; };
		3DD3BB4D22440C0B002C7F4B /* WeatherItem.swift */ = {isa = PBXFileReference; lastKnownFileType = sourcecode.swift; path = WeatherItem.swift; sourceTree = "<group>"; };
		3DD3BB4F22441300002C7F4B /* WeatherPresenter.swift */ = {isa = PBXFileReference; lastKnownFileType = sourcecode.swift; path = WeatherPresenter.swift; sourceTree = "<group>"; };
		3DD3BB52224413E9002C7F4B /* LocationRouter.swift */ = {isa = PBXFileReference; lastKnownFileType = sourcecode.swift; path = LocationRouter.swift; sourceTree = "<group>"; };
		3DD6DB472236A043000EF8D8 /* DayForecastViewController.swift */ = {isa = PBXFileReference; lastKnownFileType = sourcecode.swift; path = DayForecastViewController.swift; sourceTree = "<group>"; };
		3DD6DB492236A85A000EF8D8 /* HourBinView.xib */ = {isa = PBXFileReference; lastKnownFileType = file.xib; path = HourBinView.xib; sourceTree = "<group>"; };
		3DD6DB4B2236A94B000EF8D8 /* HourBinView.swift */ = {isa = PBXFileReference; lastKnownFileType = sourcecode.swift; path = HourBinView.swift; sourceTree = "<group>"; };
		3DD6DB4D2236C8AC000EF8D8 /* VerticalTemperatureIndicator.swift */ = {isa = PBXFileReference; lastKnownFileType = sourcecode.swift; path = VerticalTemperatureIndicator.swift; sourceTree = "<group>"; };
		3DF0F41221A6DE9800685E15 /* RawWeatherInfo.swift */ = {isa = PBXFileReference; lastKnownFileType = sourcecode.swift; path = RawWeatherInfo.swift; sourceTree = "<group>"; };
		3DF0F41421A6DEBA00685E15 /* Forecast.swift */ = {isa = PBXFileReference; lastKnownFileType = sourcecode.swift; path = Forecast.swift; sourceTree = "<group>"; };
		3DF0F41621A6EBB200685E15 /* DateExtension.swift */ = {isa = PBXFileReference; lastKnownFileType = sourcecode.swift; path = DateExtension.swift; sourceTree = "<group>"; };
		751D301922D47EF4003999F6 /* WeatherConfigurator.swift */ = {isa = PBXFileReference; lastKnownFileType = sourcecode.swift; path = WeatherConfigurator.swift; sourceTree = "<group>"; };
		751D301B22D481AE003999F6 /* DayForecastConfigurator.swift */ = {isa = PBXFileReference; lastKnownFileType = sourcecode.swift; path = DayForecastConfigurator.swift; sourceTree = "<group>"; };
		751D301D22D4876C003999F6 /* StyleConfigurator.swift */ = {isa = PBXFileReference; lastKnownFileType = sourcecode.swift; path = StyleConfigurator.swift; sourceTree = "<group>"; };
		753FECC02322527B00AE50F1 /* WeatherRepository.swift */ = {isa = PBXFileReference; lastKnownFileType = sourcecode.swift; path = WeatherRepository.swift; sourceTree = "<group>"; };
		753FECC22322539E00AE50F1 /* ReactiveRequest.swift */ = {isa = PBXFileReference; lastKnownFileType = sourcecode.swift; path = ReactiveRequest.swift; sourceTree = "<group>"; };
		753FECC423225E9D00AE50F1 /* CityRepository.swift */ = {isa = PBXFileReference; lastKnownFileType = sourcecode.swift; path = CityRepository.swift; sourceTree = "<group>"; };
		75B5C727231FA11600B60BBA /* CitiesBaseRepository.swift */ = {isa = PBXFileReference; lastKnownFileType = sourcecode.swift; path = CitiesBaseRepository.swift; sourceTree = "<group>"; };
		75B5C729231FA13900B60BBA /* CsvReader.swift */ = {isa = PBXFileReference; lastKnownFileType = sourcecode.swift; path = CsvReader.swift; sourceTree = "<group>"; };
		75B5C72B231FA15700B60BBA /* geo.csv */ = {isa = PBXFileReference; fileEncoding = 4; lastKnownFileType = text; path = geo.csv; sourceTree = "<group>"; };
		A1C7E7B06F16A2ADF5735DF8 /* Pods-Weather.debug.xcconfig */ = {isa = PBXFileReference; includeInIndex = 1; lastKnownFileType = text.xcconfig; name = "Pods-Weather.debug.xcconfig"; path = "Target Support Files/Pods-Weather/Pods-Weather.debug.xcconfig"; sourceTree = "<group>"; };
		C4A5500476B9180D792905DA /* Pods-Weather.release.xcconfig */ = {isa = PBXFileReference; includeInIndex = 1; lastKnownFileType = text.xcconfig; name = "Pods-Weather.release.xcconfig"; path = "Target Support Files/Pods-Weather/Pods-Weather.release.xcconfig"; sourceTree = "<group>"; };
/* End PBXFileReference section */

/* Begin PBXFrameworksBuildPhase section */
		3D29E14D218B2DE70090E9E1 /* Frameworks */ = {
			isa = PBXFrameworksBuildPhase;
			buildActionMask = 2147483647;
			files = (
				AFE8793A80DB5BC1CF7B4C97 /* Pods_Weather.framework in Frameworks */,
			);
			runOnlyForDeploymentPostprocessing = 0;
		};
/* End PBXFrameworksBuildPhase section */

/* Begin PBXGroup section */
		3D29E147218B2DE70090E9E1 = {
			isa = PBXGroup;
			children = (
				3D29E152218B2DE70090E9E1 /* Weather */,
				3D29E151218B2DE70090E9E1 /* Products */,
				4A56CFADAFF543D516854F25 /* Pods */,
				44346C6172D2D3F465FC1021 /* Frameworks */,
			);
			sourceTree = "<group>";
		};
		3D29E151218B2DE70090E9E1 /* Products */ = {
			isa = PBXGroup;
			children = (
				3D29E150218B2DE70090E9E1 /* Weather.app */,
			);
			name = Products;
			sourceTree = "<group>";
		};
		3D29E152218B2DE70090E9E1 /* Weather */ = {
			isa = PBXGroup;
			children = (
				3D2D0BB72242D285002E0097 /* Shared */,
				3D2D0BBF2242EE6C002E0097 /* Modules */,
				3D34439922351997006A76EF /* Assets.xcassets */,
				3D29E153218B2DE70090E9E1 /* AppDelegate.swift */,
				3D29E157218B2DE70090E9E1 /* Main.storyboard */,
				3D29E15F218B2DE90090E9E1 /* LaunchScreen.storyboard */,
				75B5C72B231FA15700B60BBA /* geo.csv */,
				3D29E162218B2DE90090E9E1 /* Info.plist */,
				3D29E15A218B2DE70090E9E1 /* Weather.xcdatamodeld */,
			);
			path = Weather;
			sourceTree = "<group>";
		};
		3D2D0BB72242D285002E0097 /* Shared */ = {
			isa = PBXGroup;
			children = (
				75B5C726231FA0FE00B60BBA /* Repository */,
				3DC0A24C22443E7100C85F83 /* Extensions */,
				3D2D0BB92242D3B2002E0097 /* Service */,
				3D2D0BB82242D29F002E0097 /* Entity */,
			);
			path = Shared;
			sourceTree = "<group>";
		};
		3D2D0BB82242D29F002E0097 /* Entity */ = {
			isa = PBXGroup;
			children = (
				3DD324A62239BF6A00735797 /* AppStyle.swift */,
				3DF0F41221A6DE9800685E15 /* RawWeatherInfo.swift */,
				3D34439B22354D58006A76EF /* WeatherCodes.swift */,
				3DF0F41421A6DEBA00685E15 /* Forecast.swift */,
				3D2A72FB219430850093A93C /* Weather.swift */,
				3D415AFB2243FA4F006B4CD5 /* WeatherModel.swift */,
				3DD3BB4922440322002C7F4B /* AppStyleModel.swift */,
			);
			path = Entity;
			sourceTree = "<group>";
		};
		3D2D0BB92242D3B2002E0097 /* Service */ = {
			isa = PBXGroup;
			children = (
				3D2A72F921942D190093A93C /* Secret.swift */,
				75B5C729231FA13900B60BBA /* CsvReader.swift */,
				753FECC22322539E00AE50F1 /* ReactiveRequest.swift */,
			);
			path = Service;
			sourceTree = "<group>";
		};
		3D2D0BBE2242EE60002E0097 /* Location */ = {
			isa = PBXGroup;
			children = (
				3DD3BB51224413D9002C7F4B /* Wireframe */,
				3D2D0BC82242FC30002E0097 /* View */,
				3D2D0BC52242FBA9002E0097 /* Presenter */,
				3D2D0BC02242EF64002E0097 /* Interactor */,
			);
			path = Location;
			sourceTree = "<group>";
		};
		3D2D0BBF2242EE6C002E0097 /* Modules */ = {
			isa = PBXGroup;
			children = (
				3DC0A2602244537B00C85F83 /* Style */,
				3D2D0BD122431951002E0097 /* Weather */,
				3D2D0BBE2242EE60002E0097 /* Location */,
			);
			path = Modules;
			sourceTree = "<group>";
		};
		3D2D0BC02242EF64002E0097 /* Interactor */ = {
			isa = PBXGroup;
			children = (
				3D2D0BC12242EF8D002E0097 /* LocationInteractor.swift */,
				3D2D0BCF22430845002E0097 /* GeolocationService.swift */,
			);
			path = Interactor;
			sourceTree = "<group>";
		};
		3D2D0BC52242FBA9002E0097 /* Presenter */ = {
			isa = PBXGroup;
			children = (
				3D2D0BC62242FBE2002E0097 /* LocationPresenter.swift */,
			);
			path = Presenter;
			sourceTree = "<group>";
		};
		3D2D0BC82242FC30002E0097 /* View */ = {
			isa = PBXGroup;
			children = (
				3D2D0BCD22430099002E0097 /* LocationViewController.swift */,
			);
			path = View;
			sourceTree = "<group>";
		};
		3D2D0BD122431951002E0097 /* Weather */ = {
			isa = PBXGroup;
			children = (
				3DC0A24D22443F2F00C85F83 /* DayForecast */,
				3DC0A24022441F4D00C85F83 /* Wireframe */,
				3D2D0BD822431ABA002E0097 /* View */,
				3D2D0BD522431A3C002E0097 /* Presenter */,
				3D2D0BD22243199A002E0097 /* Interactor */,
			);
			path = Weather;
			sourceTree = "<group>";
		};
		3D2D0BD22243199A002E0097 /* Interactor */ = {
			isa = PBXGroup;
			children = (
				3DC0A2432244259100C85F83 /* WeatherInteractor.swift */,
				3DC0A247224431C900C85F83 /* ModelService.swift */,
			);
			path = Interactor;
			sourceTree = "<group>";
		};
		3D2D0BD522431A3C002E0097 /* Presenter */ = {
			isa = PBXGroup;
			children = (
				3DD3BB4D22440C0B002C7F4B /* WeatherItem.swift */,
				3DD3BB4F22441300002C7F4B /* WeatherPresenter.swift */,
			);
			path = Presenter;
			sourceTree = "<group>";
		};
		3D2D0BD822431ABA002E0097 /* View */ = {
			isa = PBXGroup;
			children = (
				3DC0A24922443E5100C85F83 /* KuranovSpinnerView.swift */,
				3DC0A24A22443E5100C85F83 /* KuranovSpinnerView.xib */,
				3D061D762237DBA800BFBD4F /* WeatherTableViewCell.xib */,
				3D061D782237E07E00BFBD4F /* WeatherTableViewCell.swift */,
				3D415AFD224401E3006B4CD5 /* WeatherViewController.swift */,
				3DD3BB4B224404F4002C7F4B /* NavigationBarColor.swift */,
			);
			path = View;
			sourceTree = "<group>";
		};
		3DC0A24022441F4D00C85F83 /* Wireframe */ = {
			isa = PBXGroup;
			children = (
				3DC0A24122441F6300C85F83 /* WeatherRouter.swift */,
				751D301922D47EF4003999F6 /* WeatherConfigurator.swift */,
			);
			path = Wireframe;
			sourceTree = "<group>";
		};
		3DC0A24C22443E7100C85F83 /* Extensions */ = {
			isa = PBXGroup;
			children = (
				3DF0F41621A6EBB200685E15 /* DateExtension.swift */,
				3D34439E22356121006A76EF /* StringExtension.swift */,
				3D3443A022356948006A76EF /* IntExtension.swift */,
				3D959134223DAA5600F5E61F /* ImageExtension.swift */,
			);
			path = Extensions;
			sourceTree = "<group>";
		};
		3DC0A24D22443F2F00C85F83 /* DayForecast */ = {
			isa = PBXGroup;
			children = (
				3DC0A252224442CE00C85F83 /* Presenter */,
				3DC0A251224441FB00C85F83 /* View */,
				3DC0A24E22443F4900C85F83 /* Wireframe */,
			);
			path = DayForecast;
			sourceTree = "<group>";
		};
		3DC0A24E22443F4900C85F83 /* Wireframe */ = {
			isa = PBXGroup;
			children = (
				3DC0A24F22443F5900C85F83 /* DayForecastRouter.swift */,
				751D301B22D481AE003999F6 /* DayForecastConfigurator.swift */,
			);
			path = Wireframe;
			sourceTree = "<group>";
		};
		3DC0A251224441FB00C85F83 /* View */ = {
			isa = PBXGroup;
			children = (
				3DD6DB4D2236C8AC000EF8D8 /* VerticalTemperatureIndicator.swift */,
				3DD6DB4B2236A94B000EF8D8 /* HourBinView.swift */,
				3DD6DB492236A85A000EF8D8 /* HourBinView.xib */,
				3DD6DB472236A043000EF8D8 /* DayForecastViewController.swift */,
			);
			path = View;
			sourceTree = "<group>";
		};
		3DC0A252224442CE00C85F83 /* Presenter */ = {
			isa = PBXGroup;
			children = (
				3DC0A253224442DE00C85F83 /* DayForecastPresenter.swift */,
			);
			path = Presenter;
			sourceTree = "<group>";
		};
		3DC0A2602244537B00C85F83 /* Style */ = {
			isa = PBXGroup;
			children = (
				3DC0A271224458CC00C85F83 /* Wireframe */,
				3DC0A266224453B000C85F83 /* Interactor */,
				3DC0A265224453AB00C85F83 /* Presenter */,
				3DC0A2612244538F00C85F83 /* View */,
			);
			path = Style;
			sourceTree = "<group>";
		};
		3DC0A2612244538F00C85F83 /* View */ = {
			isa = PBXGroup;
			children = (
				3DD324A22239B66100735797 /* StyleTableViewController.swift */,
			);
			path = View;
			sourceTree = "<group>";
		};
		3DC0A265224453AB00C85F83 /* Presenter */ = {
			isa = PBXGroup;
			children = (
				3DC0A2692244540200C85F83 /* StylePresenter.swift */,
			);
			path = Presenter;
			sourceTree = "<group>";
		};
		3DC0A266224453B000C85F83 /* Interactor */ = {
			isa = PBXGroup;
			children = (
				3DC0A26F224457A300C85F83 /* StyleInteractor.swift */,
			);
			path = Interactor;
			sourceTree = "<group>";
		};
		3DC0A271224458CC00C85F83 /* Wireframe */ = {
			isa = PBXGroup;
			children = (
				3DC0A272224458DD00C85F83 /* StyleRouter.swift */,
				751D301D22D4876C003999F6 /* StyleConfigurator.swift */,
			);
			path = Wireframe;
			sourceTree = "<group>";
		};
		3DD3BB51224413D9002C7F4B /* Wireframe */ = {
			isa = PBXGroup;
			children = (
				3DD3BB52224413E9002C7F4B /* LocationRouter.swift */,
				3DC0A23E22441B1500C85F83 /* LocationConfigurator.swift */,
			);
			path = Wireframe;
			sourceTree = "<group>";
		};
		44346C6172D2D3F465FC1021 /* Frameworks */ = {
			isa = PBXGroup;
			children = (
				277A4BAEF28E5733E9539523 /* Pods_Weather.framework */,
			);
			name = Frameworks;
			sourceTree = "<group>";
		};
		4A56CFADAFF543D516854F25 /* Pods */ = {
			isa = PBXGroup;
			children = (
				A1C7E7B06F16A2ADF5735DF8 /* Pods-Weather.debug.xcconfig */,
				C4A5500476B9180D792905DA /* Pods-Weather.release.xcconfig */,
			);
			path = Pods;
			sourceTree = "<group>";
		};
		75B5C726231FA0FE00B60BBA /* Repository */ = {
			isa = PBXGroup;
			children = (
				3DD324A82239C1B200735797 /* AppStyleRepository.swift */,
				75B5C727231FA11600B60BBA /* CitiesBaseRepository.swift */,
				753FECC02322527B00AE50F1 /* WeatherRepository.swift */,
				753FECC423225E9D00AE50F1 /* CityRepository.swift */,
			);
			path = Repository;
			sourceTree = "<group>";
		};
/* End PBXGroup section */

/* Begin PBXNativeTarget section */
		3D29E14F218B2DE70090E9E1 /* Weather */ = {
			isa = PBXNativeTarget;
			buildConfigurationList = 3D29E165218B2DE90090E9E1 /* Build configuration list for PBXNativeTarget "Weather" */;
			buildPhases = (
				943D9419F1D0DA4358CD7E63 /* [CP] Check Pods Manifest.lock */,
				3D29E14C218B2DE70090E9E1 /* Sources */,
				3D29E14D218B2DE70090E9E1 /* Frameworks */,
				3D29E14E218B2DE70090E9E1 /* Resources */,
				5CF0C38EBEC15AFA9BD31219 /* [CP] Embed Pods Frameworks */,
			);
			buildRules = (
			);
			dependencies = (
			);
			name = Weather;
			productName = Weather;
			productReference = 3D29E150218B2DE70090E9E1 /* Weather.app */;
			productType = "com.apple.product-type.application";
		};
/* End PBXNativeTarget section */

/* Begin PBXProject section */
		3D29E148218B2DE70090E9E1 /* Project object */ = {
			isa = PBXProject;
			attributes = {
				LastSwiftUpdateCheck = 1000;
				LastUpgradeCheck = 1000;
				ORGANIZATIONNAME = Codezavod;
				TargetAttributes = {
					3D29E14F218B2DE70090E9E1 = {
						CreatedOnToolsVersion = 10.0;
					};
				};
			};
			buildConfigurationList = 3D29E14B218B2DE70090E9E1 /* Build configuration list for PBXProject "Weather" */;
			compatibilityVersion = "Xcode 9.3";
			developmentRegion = en;
			hasScannedForEncodings = 0;
			knownRegions = (
				en,
				Base,
			);
			mainGroup = 3D29E147218B2DE70090E9E1;
			productRefGroup = 3D29E151218B2DE70090E9E1 /* Products */;
			projectDirPath = "";
			projectRoot = "";
			targets = (
				3D29E14F218B2DE70090E9E1 /* Weather */,
			);
		};
/* End PBXProject section */

/* Begin PBXResourcesBuildPhase section */
		3D29E14E218B2DE70090E9E1 /* Resources */ = {
			isa = PBXResourcesBuildPhase;
			buildActionMask = 2147483647;
			files = (
				3D061D772237DBA800BFBD4F /* WeatherTableViewCell.xib in Resources */,
				75B5C72C231FA15700B60BBA /* geo.csv in Resources */,
				3D29E161218B2DE90090E9E1 /* LaunchScreen.storyboard in Resources */,
				3D34439A22351997006A76EF /* Assets.xcassets in Resources */,
				3DC0A27622446C5500C85F83 /* KuranovSpinnerView.xib in Resources */,
				3DD6DB4A2236A85A000EF8D8 /* HourBinView.xib in Resources */,
				3D29E159218B2DE70090E9E1 /* Main.storyboard in Resources */,
			);
			runOnlyForDeploymentPostprocessing = 0;
		};
/* End PBXResourcesBuildPhase section */

/* Begin PBXShellScriptBuildPhase section */
		5CF0C38EBEC15AFA9BD31219 /* [CP] Embed Pods Frameworks */ = {
			isa = PBXShellScriptBuildPhase;
			buildActionMask = 2147483647;
			files = (
			);
			inputFileListPaths = (
			);
			inputPaths = (
				"${PODS_ROOT}/Target Support Files/Pods-Weather/Pods-Weather-frameworks.sh",
				"${BUILT_PRODUCTS_DIR}/RxCocoa/RxCocoa.framework",
				"${BUILT_PRODUCTS_DIR}/RxCoreLocation/RxCoreLocation.framework",
				"${BUILT_PRODUCTS_DIR}/RxRelay/RxRelay.framework",
				"${BUILT_PRODUCTS_DIR}/RxSwift/RxSwift.framework",
			);
			name = "[CP] Embed Pods Frameworks";
			outputFileListPaths = (
			);
			outputPaths = (
				"${TARGET_BUILD_DIR}/${FRAMEWORKS_FOLDER_PATH}/RxCocoa.framework",
				"${TARGET_BUILD_DIR}/${FRAMEWORKS_FOLDER_PATH}/RxCoreLocation.framework",
				"${TARGET_BUILD_DIR}/${FRAMEWORKS_FOLDER_PATH}/RxRelay.framework",
				"${TARGET_BUILD_DIR}/${FRAMEWORKS_FOLDER_PATH}/RxSwift.framework",
			);
			runOnlyForDeploymentPostprocessing = 0;
			shellPath = /bin/sh;
			shellScript = "\"${PODS_ROOT}/Target Support Files/Pods-Weather/Pods-Weather-frameworks.sh\"\n";
			showEnvVarsInLog = 0;
		};
		943D9419F1D0DA4358CD7E63 /* [CP] Check Pods Manifest.lock */ = {
			isa = PBXShellScriptBuildPhase;
			buildActionMask = 2147483647;
			files = (
			);
			inputFileListPaths = (
			);
			inputPaths = (
				"${PODS_PODFILE_DIR_PATH}/Podfile.lock",
				"${PODS_ROOT}/Manifest.lock",
			);
			name = "[CP] Check Pods Manifest.lock";
			outputFileListPaths = (
			);
			outputPaths = (
				"$(DERIVED_FILE_DIR)/Pods-Weather-checkManifestLockResult.txt",
			);
			runOnlyForDeploymentPostprocessing = 0;
			shellPath = /bin/sh;
			shellScript = "diff \"${PODS_PODFILE_DIR_PATH}/Podfile.lock\" \"${PODS_ROOT}/Manifest.lock\" > /dev/null\nif [ $? != 0 ] ; then\n    # print error to STDERR\n    echo \"error: The sandbox is not in sync with the Podfile.lock. Run 'pod install' or update your CocoaPods installation.\" >&2\n    exit 1\nfi\n# This output is used by Xcode 'outputs' to avoid re-running this script phase.\necho \"SUCCESS\" > \"${SCRIPT_OUTPUT_FILE_0}\"\n";
			showEnvVarsInLog = 0;
		};
/* End PBXShellScriptBuildPhase section */

/* Begin PBXSourcesBuildPhase section */
		3D29E14C218B2DE70090E9E1 /* Sources */ = {
			isa = PBXSourcesBuildPhase;
			buildActionMask = 2147483647;
			files = (
				3DC0A254224442DE00C85F83 /* DayForecastPresenter.swift in Sources */,
				3DD3BB4E22440C0B002C7F4B /* WeatherItem.swift in Sources */,
				3DF0F41521A6DEBA00685E15 /* Forecast.swift in Sources */,
				3D29E15C218B2DE70090E9E1 /* Weather.xcdatamodeld in Sources */,
				3DC0A26A2244540200C85F83 /* StylePresenter.swift in Sources */,
				3DD3BB53224413E9002C7F4B /* LocationRouter.swift in Sources */,
				75B5C728231FA11600B60BBA /* CitiesBaseRepository.swift in Sources */,
				3D2D0BC22242EF8D002E0097 /* LocationInteractor.swift in Sources */,
				3D2A72FA21942D190093A93C /* Secret.swift in Sources */,
				3DF0F41721A6EBB200685E15 /* DateExtension.swift in Sources */,
				751D301C22D481AE003999F6 /* DayForecastConfigurator.swift in Sources */,
				3DC0A248224431C900C85F83 /* ModelService.swift in Sources */,
				3D061D792237E07E00BFBD4F /* WeatherTableViewCell.swift in Sources */,
				3D2D0BC72242FBE2002E0097 /* LocationPresenter.swift in Sources */,
				3D959135223DAA5600F5E61F /* ImageExtension.swift in Sources */,
				753FECC12322527B00AE50F1 /* WeatherRepository.swift in Sources */,
				3DC0A24222441F6300C85F83 /* WeatherRouter.swift in Sources */,
				3D34439C22354D58006A76EF /* WeatherCodes.swift in Sources */,
				3DD3BB4C224404F4002C7F4B /* NavigationBarColor.swift in Sources */,
				3D2A72FC219430850093A93C /* Weather.swift in Sources */,
				3D3443A122356948006A76EF /* IntExtension.swift in Sources */,
				3D29E154218B2DE70090E9E1 /* AppDelegate.swift in Sources */,
				3DD324A72239BF6A00735797 /* AppStyle.swift in Sources */,
				75B5C72A231FA13900B60BBA /* CsvReader.swift in Sources */,
				3DD324A92239C1B200735797 /* AppStyleRepository.swift in Sources */,
				3DD3BB5022441300002C7F4B /* WeatherPresenter.swift in Sources */,
				3DD324A32239B66100735797 /* StyleTableViewController.swift in Sources */,
				3D415AFC2243FA4F006B4CD5 /* WeatherModel.swift in Sources */,
				3DD3BB4A22440322002C7F4B /* AppStyleModel.swift in Sources */,
				3DC0A25022443F5900C85F83 /* DayForecastRouter.swift in Sources */,
				3DC0A24B22443E5100C85F83 /* KuranovSpinnerView.swift in Sources */,
				753FECC523225E9D00AE50F1 /* CityRepository.swift in Sources */,
				3D415AFE224401E3006B4CD5 /* WeatherViewController.swift in Sources */,
				753FECC32322539E00AE50F1 /* ReactiveRequest.swift in Sources */,
				3DC0A270224457A300C85F83 /* StyleInteractor.swift in Sources */,
				3DC0A2442244259100C85F83 /* WeatherInteractor.swift in Sources */,
				3DC0A273224458DD00C85F83 /* StyleRouter.swift in Sources */,
				3D2D0BD022430845002E0097 /* GeolocationService.swift in Sources */,
				751D301E22D4876C003999F6 /* StyleConfigurator.swift in Sources */,
				3DF0F41321A6DE9800685E15 /* RawWeatherInfo.swift in Sources */,
				3DD6DB4C2236A94B000EF8D8 /* HourBinView.swift in Sources */,
				3DD6DB482236A043000EF8D8 /* DayForecastViewController.swift in Sources */,
				3DC0A23F22441B1500C85F83 /* LocationConfigurator.swift in Sources */,
				3D2D0BCE22430099002E0097 /* LocationViewController.swift in Sources */,
				751D301A22D47EF4003999F6 /* WeatherConfigurator.swift in Sources */,
				3D34439F22356121006A76EF /* StringExtension.swift in Sources */,
				3DD6DB4E2236C8AC000EF8D8 /* VerticalTemperatureIndicator.swift in Sources */,
			);
			runOnlyForDeploymentPostprocessing = 0;
		};
/* End PBXSourcesBuildPhase section */

/* Begin PBXVariantGroup section */
		3D29E157218B2DE70090E9E1 /* Main.storyboard */ = {
			isa = PBXVariantGroup;
			children = (
				3D29E158218B2DE70090E9E1 /* Base */,
			);
			name = Main.storyboard;
			sourceTree = "<group>";
		};
		3D29E15F218B2DE90090E9E1 /* LaunchScreen.storyboard */ = {
			isa = PBXVariantGroup;
			children = (
				3D29E160218B2DE90090E9E1 /* Base */,
			);
			name = LaunchScreen.storyboard;
			sourceTree = "<group>";
		};
/* End PBXVariantGroup section */

/* Begin XCBuildConfiguration section */
		3D29E163218B2DE90090E9E1 /* Debug */ = {
			isa = XCBuildConfiguration;
			buildSettings = {
				ALWAYS_SEARCH_USER_PATHS = NO;
				CLANG_ANALYZER_NONNULL = YES;
				CLANG_ANALYZER_NUMBER_OBJECT_CONVERSION = YES_AGGRESSIVE;
				CLANG_CXX_LANGUAGE_STANDARD = "gnu++14";
				CLANG_CXX_LIBRARY = "libc++";
				CLANG_ENABLE_MODULES = YES;
				CLANG_ENABLE_OBJC_ARC = YES;
				CLANG_ENABLE_OBJC_WEAK = YES;
				CLANG_WARN_BLOCK_CAPTURE_AUTORELEASING = YES;
				CLANG_WARN_BOOL_CONVERSION = YES;
				CLANG_WARN_COMMA = YES;
				CLANG_WARN_CONSTANT_CONVERSION = YES;
				CLANG_WARN_DEPRECATED_OBJC_IMPLEMENTATIONS = YES;
				CLANG_WARN_DIRECT_OBJC_ISA_USAGE = YES_ERROR;
				CLANG_WARN_DOCUMENTATION_COMMENTS = YES;
				CLANG_WARN_EMPTY_BODY = YES;
				CLANG_WARN_ENUM_CONVERSION = YES;
				CLANG_WARN_INFINITE_RECURSION = YES;
				CLANG_WARN_INT_CONVERSION = YES;
				CLANG_WARN_NON_LITERAL_NULL_CONVERSION = YES;
				CLANG_WARN_OBJC_IMPLICIT_RETAIN_SELF = YES;
				CLANG_WARN_OBJC_LITERAL_CONVERSION = YES;
				CLANG_WARN_OBJC_ROOT_CLASS = YES_ERROR;
				CLANG_WARN_RANGE_LOOP_ANALYSIS = YES;
				CLANG_WARN_STRICT_PROTOTYPES = YES;
				CLANG_WARN_SUSPICIOUS_MOVE = YES;
				CLANG_WARN_UNGUARDED_AVAILABILITY = YES_AGGRESSIVE;
				CLANG_WARN_UNREACHABLE_CODE = YES;
				CLANG_WARN__DUPLICATE_METHOD_MATCH = YES;
				CODE_SIGN_IDENTITY = "iPhone Developer";
				COPY_PHASE_STRIP = NO;
				DEBUG_INFORMATION_FORMAT = dwarf;
				ENABLE_STRICT_OBJC_MSGSEND = YES;
				ENABLE_TESTABILITY = YES;
				GCC_C_LANGUAGE_STANDARD = gnu11;
				GCC_DYNAMIC_NO_PIC = NO;
				GCC_NO_COMMON_BLOCKS = YES;
				GCC_OPTIMIZATION_LEVEL = 0;
				GCC_PREPROCESSOR_DEFINITIONS = (
					"DEBUG=1",
					"$(inherited)",
				);
				GCC_WARN_64_TO_32_BIT_CONVERSION = YES;
				GCC_WARN_ABOUT_RETURN_TYPE = YES_ERROR;
				GCC_WARN_UNDECLARED_SELECTOR = YES;
				GCC_WARN_UNINITIALIZED_AUTOS = YES_AGGRESSIVE;
				GCC_WARN_UNUSED_FUNCTION = YES;
				GCC_WARN_UNUSED_VARIABLE = YES;
				IPHONEOS_DEPLOYMENT_TARGET = 12.0;
				MTL_ENABLE_DEBUG_INFO = INCLUDE_SOURCE;
				MTL_FAST_MATH = YES;
				ONLY_ACTIVE_ARCH = YES;
				SDKROOT = iphoneos;
				SWIFT_ACTIVE_COMPILATION_CONDITIONS = DEBUG;
				SWIFT_OPTIMIZATION_LEVEL = "-Onone";
			};
			name = Debug;
		};
		3D29E164218B2DE90090E9E1 /* Release */ = {
			isa = XCBuildConfiguration;
			buildSettings = {
				ALWAYS_SEARCH_USER_PATHS = NO;
				CLANG_ANALYZER_NONNULL = YES;
				CLANG_ANALYZER_NUMBER_OBJECT_CONVERSION = YES_AGGRESSIVE;
				CLANG_CXX_LANGUAGE_STANDARD = "gnu++14";
				CLANG_CXX_LIBRARY = "libc++";
				CLANG_ENABLE_MODULES = YES;
				CLANG_ENABLE_OBJC_ARC = YES;
				CLANG_ENABLE_OBJC_WEAK = YES;
				CLANG_WARN_BLOCK_CAPTURE_AUTORELEASING = YES;
				CLANG_WARN_BOOL_CONVERSION = YES;
				CLANG_WARN_COMMA = YES;
				CLANG_WARN_CONSTANT_CONVERSION = YES;
				CLANG_WARN_DEPRECATED_OBJC_IMPLEMENTATIONS = YES;
				CLANG_WARN_DIRECT_OBJC_ISA_USAGE = YES_ERROR;
				CLANG_WARN_DOCUMENTATION_COMMENTS = YES;
				CLANG_WARN_EMPTY_BODY = YES;
				CLANG_WARN_ENUM_CONVERSION = YES;
				CLANG_WARN_INFINITE_RECURSION = YES;
				CLANG_WARN_INT_CONVERSION = YES;
				CLANG_WARN_NON_LITERAL_NULL_CONVERSION = YES;
				CLANG_WARN_OBJC_IMPLICIT_RETAIN_SELF = YES;
				CLANG_WARN_OBJC_LITERAL_CONVERSION = YES;
				CLANG_WARN_OBJC_ROOT_CLASS = YES_ERROR;
				CLANG_WARN_RANGE_LOOP_ANALYSIS = YES;
				CLANG_WARN_STRICT_PROTOTYPES = YES;
				CLANG_WARN_SUSPICIOUS_MOVE = YES;
				CLANG_WARN_UNGUARDED_AVAILABILITY = YES_AGGRESSIVE;
				CLANG_WARN_UNREACHABLE_CODE = YES;
				CLANG_WARN__DUPLICATE_METHOD_MATCH = YES;
				CODE_SIGN_IDENTITY = "iPhone Developer";
				COPY_PHASE_STRIP = NO;
				DEBUG_INFORMATION_FORMAT = "dwarf-with-dsym";
				ENABLE_NS_ASSERTIONS = NO;
				ENABLE_STRICT_OBJC_MSGSEND = YES;
				GCC_C_LANGUAGE_STANDARD = gnu11;
				GCC_NO_COMMON_BLOCKS = YES;
				GCC_WARN_64_TO_32_BIT_CONVERSION = YES;
				GCC_WARN_ABOUT_RETURN_TYPE = YES_ERROR;
				GCC_WARN_UNDECLARED_SELECTOR = YES;
				GCC_WARN_UNINITIALIZED_AUTOS = YES_AGGRESSIVE;
				GCC_WARN_UNUSED_FUNCTION = YES;
				GCC_WARN_UNUSED_VARIABLE = YES;
				IPHONEOS_DEPLOYMENT_TARGET = 12.0;
				MTL_ENABLE_DEBUG_INFO = NO;
				MTL_FAST_MATH = YES;
				SDKROOT = iphoneos;
				SWIFT_COMPILATION_MODE = wholemodule;
				SWIFT_OPTIMIZATION_LEVEL = "-O";
				VALIDATE_PRODUCT = YES;
			};
			name = Release;
		};
		3D29E166218B2DE90090E9E1 /* Debug */ = {
			isa = XCBuildConfiguration;
			baseConfigurationReference = A1C7E7B06F16A2ADF5735DF8 /* Pods-Weather.debug.xcconfig */;
			buildSettings = {
				ALWAYS_EMBED_SWIFT_STANDARD_LIBRARIES = NO;
				ASSETCATALOG_COMPILER_APPICON_NAME = AppIcon;
				CODE_SIGN_STYLE = Automatic;
				DEVELOPMENT_TEAM = 32AQQ2HR67;
				INFOPLIST_FILE = Weather/Info.plist;
				LD_RUNPATH_SEARCH_PATHS = (
					"$(inherited)",
					"@executable_path/Frameworks",
				);
				PRODUCT_BUNDLE_IDENTIFIER = com.codezavod.Weather;
				PRODUCT_NAME = "$(TARGET_NAME)";
				SWIFT_VERSION = 4.2;
				TARGETED_DEVICE_FAMILY = "1,2";
			};
			name = Debug;
		};
		3D29E167218B2DE90090E9E1 /* Release */ = {
			isa = XCBuildConfiguration;
			baseConfigurationReference = C4A5500476B9180D792905DA /* Pods-Weather.release.xcconfig */;
			buildSettings = {
				ALWAYS_EMBED_SWIFT_STANDARD_LIBRARIES = NO;
				ASSETCATALOG_COMPILER_APPICON_NAME = AppIcon;
				CODE_SIGN_STYLE = Automatic;
				DEVELOPMENT_TEAM = 32AQQ2HR67;
				INFOPLIST_FILE = Weather/Info.plist;
				LD_RUNPATH_SEARCH_PATHS = (
					"$(inherited)",
					"@executable_path/Frameworks",
				);
				PRODUCT_BUNDLE_IDENTIFIER = com.codezavod.Weather;
				PRODUCT_NAME = "$(TARGET_NAME)";
				SWIFT_VERSION = 4.2;
				TARGETED_DEVICE_FAMILY = "1,2";
			};
			name = Release;
		};
/* End XCBuildConfiguration section */

/* Begin XCConfigurationList section */
		3D29E14B218B2DE70090E9E1 /* Build configuration list for PBXProject "Weather" */ = {
			isa = XCConfigurationList;
			buildConfigurations = (
				3D29E163218B2DE90090E9E1 /* Debug */,
				3D29E164218B2DE90090E9E1 /* Release */,
			);
			defaultConfigurationIsVisible = 0;
			defaultConfigurationName = Release;
		};
		3D29E165218B2DE90090E9E1 /* Build configuration list for PBXNativeTarget "Weather" */ = {
			isa = XCConfigurationList;
			buildConfigurations = (
				3D29E166218B2DE90090E9E1 /* Debug */,
				3D29E167218B2DE90090E9E1 /* Release */,
			);
			defaultConfigurationIsVisible = 0;
			defaultConfigurationName = Release;
		};
/* End XCConfigurationList section */

/* Begin XCVersionGroup section */
		3D29E15A218B2DE70090E9E1 /* Weather.xcdatamodeld */ = {
			isa = XCVersionGroup;
			children = (
				3D29E15B218B2DE70090E9E1 /* Weather.xcdatamodel */,
			);
			currentVersion = 3D29E15B218B2DE70090E9E1 /* Weather.xcdatamodel */;
			path = Weather.xcdatamodeld;
			sourceTree = "<group>";
			versionGroupType = wrapper.xcdatamodel;
		};
/* End XCVersionGroup section */
	};
	rootObject = 3D29E148218B2DE70090E9E1 /* Project object */;
}
